{
  "name": "mls",
  "version": "1.0.0",
  "lockfileVersion": 2,
  "requires": true,
  "packages": {
    "": {
      "name": "mls",
      "version": "1.0.0",
      "license": "ISC",
      "dependencies": {
        "@noble/ciphers": "^1.3.0",
        "@noble/curves": "^1.9.7",
        "ts-mls": "^1.1.0"
      }
    },
    "node_modules/@hpke/common": {
      "version": "1.8.1",
      "resolved": "https://registry.npmjs.org/@hpke/common/-/common-1.8.1.tgz",
      "integrity": "sha512-PSI4QSxH8XDli0TqAsWycVfrLLCM/bBe+hVlJwtuJJiKIvCaFS3CXX/WtRfJceLJye9NHc2J7GvHVCY9B1BEbA==",
      "engines": {
        "node": ">=16.0.0"
      }
    },
    "node_modules/@hpke/core": {
      "version": "1.7.4",
      "resolved": "https://registry.npmjs.org/@hpke/core/-/core-1.7.4.tgz",
      "integrity": "sha512-1BfPQB7unq/tNx7eznmoFgmJlMFnymdLNNt2CQX/L8oYOfmc1+cFEItpXZ90mgthW7tB2oksy/G7Xh1t569qzA==",
      "dependencies": {
        "@hpke/common": "^1.8.1"
      },
      "engines": {
        "node": ">=16.0.0"
      }
    },
    "node_modules/@noble/ciphers": {
      "version": "1.3.0",
      "resolved": "https://registry.npmjs.org/@noble/ciphers/-/ciphers-1.3.0.tgz",
      "integrity": "sha512-2I0gnIVPtfnMw9ee9h1dJG7tp81+8Ob3OJb3Mv37rx5L40/b0i7djjCVvGOVqc9AEIQyvyu1i6ypKdFw8R8gQw==",
      "engines": {
        "node": "^14.21.3 || >=16"
      },
      "funding": {
        "url": "https://paulmillr.com/funding/"
      }
    },
    "node_modules/@noble/curves": {
      "version": "1.9.7",
      "resolved": "https://registry.npmjs.org/@noble/curves/-/curves-1.9.7.tgz",
      "integrity": "sha512-gbKGcRUYIjA3/zCCNaWDciTMFI0dCkvou3TL8Zmy5Nc7sJ47a0jtOeZoTaMxkuqRo9cRhjOdZJXegxYE5FN/xw==",
      "dependencies": {
        "@noble/hashes": "1.8.0"
      },
      "engines": {
        "node": "^14.21.3 || >=16"
      },
      "funding": {
        "url": "https://paulmillr.com/funding/"
      }
    },
    "node_modules/@noble/hashes": {
      "version": "1.8.0",
      "resolved": "https://registry.npmjs.org/@noble/hashes/-/hashes-1.8.0.tgz",
      "integrity": "sha512-jCs9ldd7NwzpgXDIf6P3+NrHh9/sD6CQdxHyjQI+h/6rDNo88ypBxxz45UDuZHz9r3tNz7N/VInSVoVdtXEI4A==",
      "engines": {
        "node": "^14.21.3 || >=16"
      },
      "funding": {
        "url": "https://paulmillr.com/funding/"
      }
    },
    "node_modules/ts-mls": {
      "version": "1.1.0",
      "resolved": "https://registry.npmjs.org/ts-mls/-/ts-mls-1.1.0.tgz",
      "integrity": "sha512-C/n9ha6OywwRtfDRvQgnXONyjiBGZgmBk3l7EFDFDGtFA37P1YPjIwLHOqdnJQbBq28G+Sn8Xt8JG3UaXBVG/w==",
      "dependencies": {
        "@hpke/core": "^1.7.3"
      },
      "peerDependencies": {
        "@hpke/chacha20poly1305": "1.7.1",
        "@hpke/hybridkem-x-wing": "0.6.1",
        "@hpke/ml-kem": "0.2.1",
        "@noble/curves": "^1.9.2",
        "@noble/post-quantum": "0.4.1"
      },
      "peerDependenciesMeta": {
        "@hpke/chacha20poly1305": {
          "optional": true
        },
        "@hpke/hybridkem-x-wing": {
          "optional": true
        },
        "@hpke/ml-kem": {
          "optional": true
        },
        "@noble/curves": {
          "optional": true
        },
        "@noble/post-quantum": {
          "optional": true
        }
      }
    }
  },
  "dependencies": {
    "@hpke/common": {
      "version": "1.8.1",
      "resolved": "https://registry.npmjs.org/@hpke/common/-/common-1.8.1.tgz",
      "integrity": "sha512-PSI4QSxH8XDli0TqAsWycVfrLLCM/bBe+hVlJwtuJJiKIvCaFS3CXX/WtRfJceLJye9NHc2J7GvHVCY9B1BEbA=="
    },
    "@hpke/core": {
      "version": "1.7.4",
      "resolved": "https://registry.npmjs.org/@hpke/core/-/core-1.7.4.tgz",
      "integrity": "sha512-1BfPQB7unq/tNx7eznmoFgmJlMFnymdLNNt2CQX/L8oYOfmc1+cFEItpXZ90mgthW7tB2oksy/G7Xh1t569qzA==",
      "requires": {
        "@hpke/common": "^1.8.1"
      }
    },
    "@noble/ciphers": {
      "version": "1.3.0",
      "resolved": "https://registry.npmjs.org/@noble/ciphers/-/ciphers-1.3.0.tgz",
      "integrity": "sha512-2I0gnIVPtfnMw9ee9h1dJG7tp81+8Ob3OJb3Mv37rx5L40/b0i7djjCVvGOVqc9AEIQyvyu1i6ypKdFw8R8gQw=="
    },
    "@noble/curves": {
      "version": "1.9.7",
      "resolved": "https://registry.npmjs.org/@noble/curves/-/curves-1.9.7.tgz",
      "integrity": "sha512-gbKGcRUYIjA3/zCCNaWDciTMFI0dCkvou3TL8Zmy5Nc7sJ47a0jtOeZoTaMxkuqRo9cRhjOdZJXegxYE5FN/xw==",
      "requires": {
        "@noble/hashes": "1.8.0"
      }
    },
    "@noble/hashes": {
      "version": "1.8.0",
      "resolved": "https://registry.npmjs.org/@noble/hashes/-/hashes-1.8.0.tgz",
      "integrity": "sha512-jCs9ldd7NwzpgXDIf6P3+NrHh9/sD6CQdxHyjQI+h/6rDNo88ypBxxz45UDuZHz9r3tNz7N/VInSVoVdtXEI4A=="
    },
    "ts-mls": {
      "version": "1.1.0",
      "resolved": "https://registry.npmjs.org/ts-mls/-/ts-mls-1.1.0.tgz",
      "integrity": "sha512-C/n9ha6OywwRtfDRvQgnXONyjiBGZgmBk3l7EFDFDGtFA37P1YPjIwLHOqdnJQbBq28G+Sn8Xt8JG3UaXBVG/w==",
      "requires": {
        "@hpke/core": "^1.7.3"
      }
    }
  }
}
