# This file is automatically @generated by Cargo.
# It is not intended for manual editing.
version = 4

[[package]]
name = "adler32"
version = "1.2.0"
source = "registry+https://github.com/rust-lang/crates.io-index"
checksum = "aae1277d39aeec15cb388266ecc24b11c80469deae6067e17a1a7aa9e5c1f234"

[[package]]
name = "android_glue"
version = "0.2.3"
source = "registry+https://github.com/rust-lang/crates.io-index"
checksum = "000444226fcff248f2bc4c7625be32c63caccfecc2723a2b9f78a7487a49c407"

[[package]]
name = "arrayvec"
version = "0.4.12"
source = "registry+https://github.com/rust-lang/crates.io-index"
checksum = "cd9fd44efafa8690358b7408d253adf110036b88f55672a933f01d616ad9b1b9"
dependencies = [
 "nodrop",
]

[[package]]
name = "autocfg"
version = "1.5.0"
source = "registry+https://github.com/rust-lang/crates.io-index"
checksum = "c08606f8c3cbf4ce6ec8e28fb0014a2c086708fe954eaa885384a6165172e7e8"

[[package]]
name = "bitflags"
version = "1.3.2"
source = "registry+https://github.com/rust-lang/crates.io-index"
checksum = "bef38d45163c2f1dde094a7dfd33ccf595c92905c8f8f4fdc18d06fb1037718a"

[[package]]
name = "bitflags"
version = "2.9.1"
source = "registry+https://github.com/rust-lang/crates.io-index"
checksum = "1b8e56985ec62d17e9c1001dc89c88ecd7dc08e47eba5ec7c29c7b5eeecde967"

[[package]]
name = "block"
version = "0.1.6"
source = "registry+https://github.com/rust-lang/crates.io-index"
checksum = "0d8c1fef690941d3e7788d328517591fecc684c084084702d6ff1641e993699a"

[[package]]
name = "byteorder"
version = "1.5.0"
source = "registry+https://github.com/rust-lang/crates.io-index"
checksum = "1fd0f2584146f6f2ef48085050886acf353beff7305ebd1ae69500e27c67f64b"

[[package]]
name = "cfg-if"
version = "1.0.1"
source = "registry+https://github.com/rust-lang/crates.io-index"
checksum = "9555578bc9e57714c812a1f84e4fc5b4d21fcb063490c624de019f7464c91268"

[[package]]
name = "cgl"
version = "0.2.3"
source = "registry+https://github.com/rust-lang/crates.io-index"
checksum = "55e7ec0b74fe5897894cbc207092c577e87c52f8a59e8ca8d97ef37551f60a49"
dependencies = [
 "gleam",
 "libc",
]

[[package]]
name = "cocoa"
version = "0.13.0"
source = "registry+https://github.com/rust-lang/crates.io-index"
checksum = "ac0d785ff4faf0ff23d7b5561346bb50dc7ef9a11cb0e65e07ef776b7752938f"
dependencies = [
 "bitflags 1.3.2",
 "block",
 "core-graphics 0.12.4",
 "libc",
 "objc",
]

[[package]]
name = "cocoa"
version = "0.14.0"
source = "registry+https://github.com/rust-lang/crates.io-index"
checksum = "b0c23085dde1ef4429df6e5896b89356d35cdd321fb43afe3e378d010bb5adc6"
dependencies = [
 "bitflags 1.3.2",
 "block",
 "core-graphics 0.13.0",
 "libc",
 "objc",
]

[[package]]
name = "color_quant"
version = "1.1.0"
source = "registry+https://github.com/rust-lang/crates.io-index"
checksum = "3d7b894f5411737b7867f4827955924d7c254fc9f4d91a6aad6b097804b1018b"

[[package]]
name = "core-foundation"
version = "0.4.6"
source = "registry+https://github.com/rust-lang/crates.io-index"
checksum = "8047f547cd6856d45b1cdd75ef8d2f21f3d0e4bf1dab0a0041b0ae9a5dda9c0e"
dependencies = [
 "core-foundation-sys 0.4.6",
 "libc",
]

[[package]]
name = "core-foundation"
version = "0.5.1"
source = "registry+https://github.com/rust-lang/crates.io-index"
checksum = "286e0b41c3a20da26536c6000a280585d519fd07b3956b43aed8a79e9edce980"
dependencies = [
 "core-foundation-sys 0.5.1",
 "libc",
]

[[package]]
name = "core-foundation-sys"
version = "0.4.6"
source = "registry+https://github.com/rust-lang/crates.io-index"
checksum = "152195421a2e6497a8179195672e9d4ee8e45ed8c465b626f1606d27a08ebcd5"
dependencies = [
 "libc",
]

[[package]]
name = "core-foundation-sys"
version = "0.5.1"
source = "registry+https://github.com/rust-lang/crates.io-index"
checksum = "716c271e8613ace48344f723b60b900a93150271e5be206212d052bbc0883efa"
dependencies = [
 "libc",
]

[[package]]
name = "core-graphics"
version = "0.12.4"
source = "registry+https://github.com/rust-lang/crates.io-index"
checksum = "8de78908c558a9ba526877d165635c9eaed0818a785a93efddde1c5bfd2ce5d1"
dependencies = [
 "bitflags 1.3.2",
 "core-foundation 0.4.6",
 "foreign-types",
 "libc",
]

[[package]]
name = "core-graphics"
version = "0.13.0"
source = "registry+https://github.com/rust-lang/crates.io-index"
checksum = "fb0ed45fdc32f9ab426238fba9407dfead7bacd7900c9b4dd3f396f46eafdae3"
dependencies = [
 "bitflags 1.3.2",
 "core-foundation 0.5.1",
 "foreign-types",
 "libc",
]

[[package]]
name = "crossbeam-deque"
version = "0.8.6"
source = "registry+https://github.com/rust-lang/crates.io-index"
checksum = "9dd111b7b7f7d55b72c0a6ae361660ee5853c9af73f70c3c2ef6858b950e2e51"
dependencies = [
 "crossbeam-epoch",
 "crossbeam-utils",
]

[[package]]
name = "crossbeam-epoch"
version = "0.9.18"
source = "registry+https://github.com/rust-lang/crates.io-index"
checksum = "5b82ac4a3c2ca9c3460964f020e1402edd5753411d7737aa39c3714ad1b5420e"
dependencies = [
 "crossbeam-utils",
]

[[package]]
name = "crossbeam-utils"
version = "0.8.21"
source = "registry+https://github.com/rust-lang/crates.io-index"
checksum = "d0a5c400df2834b80a4c3327b3aad3a4c4cd4de0629063962b03235697506a28"

[[package]]
name = "deflate"
version = "0.7.20"
source = "registry+https://github.com/rust-lang/crates.io-index"
checksum = "707b6a7b384888a70c8d2e8650b3e60170dfc6a67bb4aa67b6dfca57af4bedb4"
dependencies = [
 "adler32",
 "byteorder",
]

[[package]]
name = "dlib"
version = "0.4.2"
source = "registry+https://github.com/rust-lang/crates.io-index"
checksum = "b11f15d1e3268f140f68d390637d5e76d849782d971ae7063e0da69fe9709a76"
dependencies = [
 "libloading",
]

[[package]]
name = "either"
version = "1.15.0"
source = "registry+https://github.com/rust-lang/crates.io-index"
checksum = "48c757948c5ede0e46177b7add2e67155f70e33c07fea8284df6576da70b3719"

[[package]]
name = "enum_primitive"
version = "0.1.1"
source = "registry+https://github.com/rust-lang/crates.io-index"
checksum = "be4551092f4d519593039259a9ed8daedf0da12e5109c5280338073eaeb81180"
dependencies = [
 "num-traits 0.1.43",
]

[[package]]
name = "errno"
version = "0.3.13"
source = "registry+https://github.com/rust-lang/crates.io-index"
checksum = "778e2ac28f6c47af28e4907f13ffd1e1ddbd400980a9abd7c8df189bf578a5ad"
dependencies = [
 "libc",
 "windows-sys 0.60.2",
]

[[package]]
name = "fastrand"
version = "2.3.0"
source = "registry+https://github.com/rust-lang/crates.io-index"
checksum = "37909eebbb50d72f9059c3b6d82c0463f2ff062c9e95845c43a6c9c0355411be"

[[package]]
name = "fnv"
version = "1.0.7"
source = "registry+https://github.com/rust-lang/crates.io-index"
checksum = "3f9eec918d3f24069decb9af1554cad7c880e2da24a9afd88aca000531ab82c1"

[[package]]
name = "foreign-types"
version = "0.3.2"
source = "registry+https://github.com/rust-lang/crates.io-index"
checksum = "f6f339eb8adc052cd2ca78910fda869aefa38d22d5cb648e6485e4d3fc06f3b1"
dependencies = [
 "foreign-types-shared",
]

[[package]]
name = "foreign-types-shared"
version = "0.1.1"
source = "registry+https://github.com/rust-lang/crates.io-index"
checksum = "00b0228411908ca8685dba7fc2cdd70ec9990a6e753e89b6ac91a84c40fbaf4b"

[[package]]
name = "getrandom"
version = "0.3.3"
source = "registry+https://github.com/rust-lang/crates.io-index"
checksum = "26145e563e54f2cadc477553f1ec5ee650b00862f0a58bcd12cbdc5f0ea2d2f4"
dependencies = [
 "cfg-if",
 "libc",
 "r-efi",
 "wasi",
]

[[package]]
name = "gif"
version = "0.9.2"
source = "registry+https://github.com/rust-lang/crates.io-index"
checksum = "e2e41945ba23db3bf51b24756d73d81acb4f28d85c3dccc32c6fae904438c25f"
dependencies = [
 "color_quant",
 "lzw",
]

[[package]]
name = "gl"
version = "0.10.0"
source = "registry+https://github.com/rust-lang/crates.io-index"
checksum = "81457bb802910ad5b535eb48541c51830a761804aa5b7087adbc9d049aa57aca"
dependencies = [
 "gl_generator 0.9.0",
]

[[package]]
name = "gl_generator"
version = "0.8.0"
source = "registry+https://github.com/rust-lang/crates.io-index"
checksum = "4f5c19cde55637681450c92f7a05ea16c78e2b6d0587e601ec1ebdab6960854b"
dependencies = [
 "khronos_api 2.2.0",
 "log 0.3.9",
 "xml-rs 0.7.0",
]

[[package]]
name = "gl_generator"
version = "0.9.0"
source = "registry+https://github.com/rust-lang/crates.io-index"
checksum = "7a795170cbd85b5a7baa58d6d7525cae6a03e486859860c220f7ebbbdd379d0a"
dependencies = [
 "khronos_api 2.2.0",
 "log 0.4.27",
 "xml-rs 0.7.0",
]

[[package]]
name = "gl_generator"
version = "0.13.1"
source = "registry+https://github.com/rust-lang/crates.io-index"
checksum = "ca98bbde17256e02d17336a6bdb5a50f7d0ccacee502e191d3e3d0ec2f96f84a"
dependencies = [
 "khronos_api 3.1.0",
 "log 0.4.27",
 "xml-rs 0.8.27",
]

[[package]]
name = "gleam"
version = "0.6.19"
source = "registry+https://github.com/rust-lang/crates.io-index"
checksum = "cae10d7c99d0e77b4766e850a60898a17c1abaf01075531f1066f03dc7dc5fc5"
dependencies = [
 "gl_generator 0.13.1",
]

[[package]]
name = "glutin"
version = "0.12.2"
source = "registry+https://github.com/rust-lang/crates.io-index"
checksum = "247f825056c99961b6e6e0baef17ca586a50109ab4bba2b370babe1c5d702943"
dependencies = [
 "android_glue",
 "cgl",
 "cocoa 0.14.0",
 "core-foundation 0.5.1",
 "core-graphics 0.13.0",
 "gl_generator 0.8.0",
 "lazy_static",
 "libc",
 "objc",
 "osmesa-sys",
 "shared_library",
 "wayland-client",
 "winapi",
 "winit",
 "x11-dl",
]

[[package]]
name = "image"
version = "0.18.0"
source = "registry+https://github.com/rust-lang/crates.io-index"
checksum = "545f000e8aa4e569e93f49c446987133452e0091c2494ac3efd3606aa3d309f2"
dependencies = [
 "byteorder",
 "enum_primitive",
 "gif",
 "jpeg-decoder",
 "num-iter",
 "num-rational",
 "num-traits 0.1.43",
 "png",
 "scoped_threadpool",
]

[[package]]
name = "inflate"
version = "0.3.4"
source = "registry+https://github.com/rust-lang/crates.io-index"
checksum = "f5f9f47468e9a76a6452271efadc88fe865a82be91fe75e6c0c57b87ccea59d4"
dependencies = [
 "adler32",
]

[[package]]
name = "interpolation"
version = "0.1.0"
source = "registry+https://github.com/rust-lang/crates.io-index"
checksum = "84e53e2877f735534c2d3cdbb5ba1d04ee11107f599a1e811ab0ff3dd93fe66e"

[[package]]
name = "jpeg-decoder"
version = "0.1.22"
source = "registry+https://github.com/rust-lang/crates.io-index"
checksum = "229d53d58899083193af11e15917b5640cd40b29ff475a1fe4ef725deb02d0f2"
dependencies = [
 "rayon",
]

[[package]]
name = "khronos_api"
version = "2.2.0"
source = "registry+https://github.com/rust-lang/crates.io-index"
checksum = "037ab472c33f67b5fbd3e9163a2645319e5356fcd355efa6d4eb7fff4bbcb554"

[[package]]
name = "khronos_api"
version = "3.1.0"
source = "registry+https://github.com/rust-lang/crates.io-index"
checksum = "e2db585e1d738fc771bf08a151420d3ed193d9d895a36df7f6f8a9456b911ddc"

[[package]]
name = "lazy_static"
version = "1.5.0"
source = "registry+https://github.com/rust-lang/crates.io-index"
checksum = "bbd2bcb4c963f2ddae06a2efc7e9f3591312473c50c6685e1f298068316e66fe"

[[package]]
name = "libc"
version = "0.2.174"
source = "registry+https://github.com/rust-lang/crates.io-index"
checksum = "1171693293099992e19cddea4e8b849964e9846f4acee11b3948bcc337be8776"

[[package]]
name = "libloading"
version = "0.6.7"
source = "registry+https://github.com/rust-lang/crates.io-index"
checksum = "351a32417a12d5f7e82c368a66781e307834dae04c6ce0cd4456d52989229883"
dependencies = [
 "cfg-if",
 "winapi",
]

[[package]]
name = "linux-raw-sys"
version = "0.9.4"
source = "registry+https://github.com/rust-lang/crates.io-index"
checksum = "cd945864f07fe9f5371a27ad7b52a172b4b499999f1d97574c9fa68373937e12"

[[package]]
name = "log"
version = "0.3.9"
source = "registry+https://github.com/rust-lang/crates.io-index"
checksum = "e19e8d5c34a3e0e2223db8e060f9e8264aeeb5c5fc64a4ee9965c062211c024b"
dependencies = [
 "log 0.4.27",
]

[[package]]
name = "log"
version = "0.4.27"
source = "registry+https://github.com/rust-lang/crates.io-index"
checksum = "13dc2df351e3202783a1fe0d44375f7295ffb4049267b0f3018346dc122a1d94"

[[package]]
name = "lzw"
version = "0.10.0"
source = "registry+https://github.com/rust-lang/crates.io-index"
checksum = "7d947cbb889ed21c2a84be6ffbaebf5b4e0f4340638cba0444907e38b56be084"

[[package]]
name = "malloc_buf"
version = "0.0.6"
source = "registry+https://github.com/rust-lang/crates.io-index"
checksum = "62bb907fe88d54d8d9ce32a3cceab4218ed2f6b7d35617cafe9adf84e43919cb"
dependencies = [
 "libc",
]

[[package]]
name = "memmap"
version = "0.6.2"
source = "registry+https://github.com/rust-lang/crates.io-index"
checksum = "e2ffa2c986de11a9df78620c01eeaaf27d94d3ff02bf81bfcca953102dd0c6ff"
dependencies = [
 "libc",
 "winapi",
]

[[package]]
name = "nodrop"
version = "0.1.14"
source = "registry+https://github.com/rust-lang/crates.io-index"
checksum = "72ef4a56884ca558e5ddb05a1d1e7e1bfd9a68d9ed024c21704cc98872dae1bb"

[[package]]
name = "num-integer"
version = "0.1.46"
source = "registry+https://github.com/rust-lang/crates.io-index"
checksum = "7969661fd2958a5cb096e56c8e1ad0444ac2bbcd0061bd28660485a44879858f"
dependencies = [
 "num-traits 0.2.19",
]

[[package]]
name = "num-iter"
version = "0.1.45"
source = "registry+https://github.com/rust-lang/crates.io-index"
checksum = "1429034a0490724d0075ebb2bc9e875d6503c3cf69e235a8941aa757d83ef5bf"
dependencies = [
 "autocfg",
 "num-integer",
 "num-traits 0.2.19",
]

[[package]]
name = "num-rational"
version = "0.1.43"
source = "registry+https://github.com/rust-lang/crates.io-index"
checksum = "fbfff0773e8a07fb033d726b9ff1327466709820788e5298afce4d752965ff1e"
dependencies = [
 "autocfg",
 "num-integer",
 "num-traits 0.2.19",
]

[[package]]
name = "num-traits"
version = "0.1.43"
source = "registry+https://github.com/rust-lang/crates.io-index"
checksum = "92e5113e9fd4cc14ded8e499429f396a20f98c772a47cc8622a736e1ec843c31"
dependencies = [
 "num-traits 0.2.19",
]

[[package]]
name = "num-traits"
version = "0.2.19"
source = "registry+https://github.com/rust-lang/crates.io-index"
checksum = "071dfc062690e90b734c0b2273ce72ad0ffa95f0c74596bc250dcfd960262841"
dependencies = [
 "autocfg",
]

[[package]]
name = "objc"
version = "0.2.7"
source = "registry+https://github.com/rust-lang/crates.io-index"
checksum = "915b1b472bc21c53464d6c8461c9d3af805ba1ef837e1cac254428f4a77177b1"
dependencies = [
 "malloc_buf",
]

[[package]]
name = "once_cell"
version = "1.21.3"
source = "registry+https://github.com/rust-lang/crates.io-index"
checksum = "42f5e15c9953c5e4ccceeb2e7382a716482c34515315f7b03532b8b4e8393d2d"

[[package]]
name = "ordered-float"
version = "0.5.2"
source = "registry+https://github.com/rust-lang/crates.io-index"
checksum = "7eb5259643245d3f292c7a146b2df53bba24d7eab159410e648eb73dc164669d"
dependencies = [
 "num-traits 0.1.43",
 "unreachable",
]

[[package]]
name = "osmesa-sys"
version = "0.1.2"
source = "registry+https://github.com/rust-lang/crates.io-index"
checksum = "88cfece6e95d2e717e0872a7f53a8684712ad13822a7979bc760b9c77ec0013b"
dependencies = [
 "shared_library",
]

[[package]]
name = "percent-encoding"
version = "1.0.1"
source = "registry+https://github.com/rust-lang/crates.io-index"
checksum = "31010dd2e1ac33d5b46a5b413495239882813e0369f8ed8a5e266f173602f831"

[[package]]
name = "piston"
version = "0.36.0"
source = "registry+https://github.com/rust-lang/crates.io-index"
checksum = "ef923d4870ed943ce08168571742c4d8f36f290d734d6dc0b8d0a61fc52cf632"
dependencies = [
 "pistoncore-event_loop",
 "pistoncore-input",
 "pistoncore-window",
]

[[package]]
name = "piston-float"
version = "0.3.0"
source = "registry+https://github.com/rust-lang/crates.io-index"
checksum = "b058c3a640efd4bcf63266512e4bb03187192c1b29edd38b16d5a014613e3199"

[[package]]
name = "piston-shaders_graphics2d"
version = "0.3.1"
source = "registry+https://github.com/rust-lang/crates.io-index"
checksum = "97bc17dac1dfff3e5cb84116062c7b46ff9d3dc0d88696a46d2f054cf64a10b6"

[[package]]
name = "piston-texture"
version = "0.6.0"
source = "registry+https://github.com/rust-lang/crates.io-index"
checksum = "3649b5f9d1ba48d95207976118e9e2ed473c1de36f6f79cc1b7ed5b75b655b61"

[[package]]
name = "piston-viewport"
version = "0.3.0"
source = "registry+https://github.com/rust-lang/crates.io-index"
checksum = "9c5548a838fd9dc604c96d886c03c303f043a2d85f88719cca59dc7991d86343"
dependencies = [
 "piston-float",
]

[[package]]
name = "piston2d-graphics"
version = "0.26.0"
source = "registry+https://github.com/rust-lang/crates.io-index"
checksum = "c09f6be9257a440796af745f492ec947a7c9576897da7e62cf77fc3dc3ff45e3"
dependencies = [
 "fnv",
 "interpolation",
 "piston-texture",
 "piston-viewport",
 "read_color",
 "rusttype",
 "vecmath",
]

[[package]]
name = "piston2d-opengl_graphics"
version = "0.52.1"
source = "registry+https://github.com/rust-lang/crates.io-index"
checksum = "60d8c3d5b0c6a47bdc2ad807a586b74b74ef708a882d436f2be2f125e9548ffc"
dependencies = [
 "fnv",
 "gl",
 "image",
 "khronos_api 2.2.0",
 "piston-shaders_graphics2d",
 "piston-texture",
 "piston2d-graphics",
 "shader_version",
]

[[package]]
name = "pistoncore-event_loop"
version = "0.36.0"
source = "registry+https://github.com/rust-lang/crates.io-index"
checksum = "ea2e3ca418a90b8957b5570833195740fafef5924ea8bc4ff3659f0d8820b451"
dependencies = [
 "pistoncore-input",
 "pistoncore-window",
]

[[package]]
name = "pistoncore-glutin_window"
version = "0.45.3"
source = "registry+https://github.com/rust-lang/crates.io-index"
checksum = "295d1d493b4f11dcc7f1bafad5ec6b875ed8c303392235d5aba52eafd05ff2e4"
dependencies = [
 "gl",
 "glutin",
 "pistoncore-input",
 "pistoncore-window",
 "shader_version",
]

[[package]]
name = "pistoncore-input"
version = "0.20.0"
source = "registry+https://github.com/rust-lang/crates.io-index"
checksum = "c7fef44b03e1dfe7f16aa067a0d3591a1e75635206279c12493ddcb279fbcb66"
dependencies = [
 "bitflags 1.3.2",
 "piston-viewport",
 "serde",
 "serde_derive",
]

[[package]]
name = "pistoncore-window"
version = "0.31.0"
source = "registry+https://github.com/rust-lang/crates.io-index"
checksum = "c2608db6e11773b5857d51252110f919d293625a857369b5834b89821f522466"
dependencies = [
 "pistoncore-input",
 "shader_version",
]

[[package]]
name = "pkg-config"
version = "0.3.32"
source = "registry+https://github.com/rust-lang/crates.io-index"
checksum = "7edddbd0b52d732b21ad9a5fab5c704c14cd949e5e9a1ec5929a24fded1b904c"

[[package]]
name = "png"
version = "0.11.0"
source = "registry+https://github.com/rust-lang/crates.io-index"
checksum = "f0b0cabbbd20c2d7f06dbf015e06aad59b6ca3d9ed14848783e98af9aaf19925"
dependencies = [
 "bitflags 1.3.2",
 "deflate",
 "inflate",
 "num-iter",
]

[[package]]
name = "proc-macro2"
version = "1.0.95"
source = "registry+https://github.com/rust-lang/crates.io-index"
checksum = "02b3e5e68a3a1a02aad3ec490a98007cbc13c37cbe84a3cd7b8e406d76e7f778"
dependencies = [
 "unicode-ident",
]

[[package]]
name = "quote"
version = "1.0.40"
source = "registry+https://github.com/rust-lang/crates.io-index"
checksum = "1885c039570dc00dcb4ff087a89e185fd56bae234ddc7f056a945bf36467248d"
dependencies = [
 "proc-macro2",
]

[[package]]
name = "r-efi"
version = "5.3.0"
source = "registry+https://github.com/rust-lang/crates.io-index"
checksum = "69cdb34c158ceb288df11e18b4bd39de994f6657d83847bdffdbd7f346754b0f"

[[package]]
name = "rayon"
version = "1.10.0"
source = "registry+https://github.com/rust-lang/crates.io-index"
checksum = "b418a60154510ca1a002a752ca9714984e21e4241e804d32555251faf8b78ffa"
dependencies = [
 "either",
 "rayon-core",
]

[[package]]
name = "rayon-core"
version = "1.12.1"
source = "registry+https://github.com/rust-lang/crates.io-index"
checksum = "1465873a3dfdaa8ae7cb14b4383657caab0b3e8a0aa9ae8e04b044854c8dfce2"
dependencies = [
 "crossbeam-deque",
 "crossbeam-utils",
]

[[package]]
name = "read_color"
version = "1.0.0"
source = "registry+https://github.com/rust-lang/crates.io-index"
checksum = "9f4c8858baa4ad3c8bcc156ae91a0ffe22b76a3975c40c49b4f04c15c6bce0da"

[[package]]
name = "rustix"
version = "1.0.8"
source = "registry+https://github.com/rust-lang/crates.io-index"
checksum = "11181fbabf243db407ef8df94a6ce0b2f9a733bd8be4ad02b4eda9602296cac8"
dependencies = [
 "bitflags 2.9.1",
 "errno",
 "libc",
 "linux-raw-sys",
 "windows-sys 0.60.2",
]

[[package]]
name = "rusttype"
version = "0.4.3"
source = "registry+https://github.com/rust-lang/crates.io-index"
checksum = "11ff03da02f6d340bbee5ec55eed03ff9abd6ea013b93bc7c35973cc28f65999"
dependencies = [
 "arrayvec",
 "ordered-float",
 "stb_truetype 0.2.8",
]

[[package]]
name = "scoped_threadpool"
version = "0.1.9"
source = "registry+https://github.com/rust-lang/crates.io-index"
checksum = "1d51f5df5af43ab3f1360b429fa5e0152ac5ce8c0bd6485cae490332e96846a8"

[[package]]
name = "serde"
version = "1.0.219"
source = "registry+https://github.com/rust-lang/crates.io-index"
checksum = "5f0e2c6ed6606019b4e29e69dbaba95b11854410e5347d525002456dbbb786b6"
dependencies = [
 "serde_derive",
]

[[package]]
name = "serde_derive"
version = "1.0.219"
source = "registry+https://github.com/rust-lang/crates.io-index"
checksum = "5b0276cf7f2c73365f7157c8123c21cd9a50fbbd844757af28ca1f5925fc2a00"
dependencies = [
 "proc-macro2",
 "quote",
 "syn",
]

[[package]]
name = "shader_version"
version = "0.3.0"
source = "registry+https://github.com/rust-lang/crates.io-index"
checksum = "a29e10c39144f4663c0f74de29b9a61237bf410be40753b1a3b682832abcf4aa"

[[package]]
name = "shared_library"
version = "0.1.9"
source = "registry+https://github.com/rust-lang/crates.io-index"
checksum = "5a9e7e0f2bfae24d8a5b5a66c5b257a83c7412304311512a0c054cd5e619da11"
dependencies = [
 "lazy_static",
 "libc",
]

[[package]]
name = "spinning-square"
version = "0.0.1"
dependencies = [
 "piston",
 "piston2d-graphics",
 "piston2d-opengl_graphics",
 "pistoncore-glutin_window",
]

[[package]]
name = "stb_truetype"
version = "0.2.8"
source = "registry+https://github.com/rust-lang/crates.io-index"
checksum = "9d1bec4382294c5a680fcebd29f8451e8d8c04479a026f6909004e2ab1cb425d"
dependencies = [
 "stb_truetype 0.3.1",
]

[[package]]
name = "stb_truetype"
version = "0.3.1"
source = "registry+https://github.com/rust-lang/crates.io-index"
checksum = "f77b6b07e862c66a9f3e62a07588fee67cd90a9135a2b942409f195507b4fb51"
dependencies = [
 "byteorder",
]

[[package]]
name = "syn"
version = "2.0.104"
source = "registry+https://github.com/rust-lang/crates.io-index"
checksum = "17b6f705963418cdb9927482fa304bc562ece2fdd4f616084c50b7023b435a40"
dependencies = [
 "proc-macro2",
 "quote",
 "unicode-ident",
]

[[package]]
name = "tempfile"
version = "3.20.0"
source = "registry+https://github.com/rust-lang/crates.io-index"
checksum = "e8a64e3985349f2441a1a9ef0b853f869006c3855f2cda6862a94d26ebb9d6a1"
dependencies = [
 "fastrand",
 "getrandom",
 "once_cell",
 "rustix",
 "windows-sys 0.59.0",
]

[[package]]
name = "token_store"
version = "0.1.2"
source = "registry+https://github.com/rust-lang/crates.io-index"
checksum = "a686838375fc11103b9c1529c6508320b7bd5e2401cd62831ca51b3e82e61849"

[[package]]
name = "unicode-ident"
version = "1.0.18"
source = "registry+https://github.com/rust-lang/crates.io-index"
checksum = "5a5f39404a5da50712a4c1eecf25e90dd62b613502b7e925fd4e4d19b5c96512"

[[package]]
name = "unreachable"
version = "1.0.0"
source = "registry+https://github.com/rust-lang/crates.io-index"
checksum = "382810877fe448991dfc7f0dd6e3ae5d58088fd0ea5e35189655f84e6814fa56"
dependencies = [
 "void",
]

[[package]]
name = "vecmath"
version = "0.3.1"
source = "registry+https://github.com/rust-lang/crates.io-index"
checksum = "1bdd6034ee9c1e5e12485f3e4120e12777f6c81cf43bf9a73bff98ed2b479afe"
dependencies = [
 "piston-float",
]

[[package]]
name = "void"
version = "1.0.2"
source = "registry+https://github.com/rust-lang/crates.io-index"
checksum = "6a02e4885ed3bc0f2de90ea6dd45ebcbb66dacffe03547fadbb0eeae2770887d"

[[package]]
name = "wasi"
version = "0.14.2+wasi-0.2.4"
source = "registry+https://github.com/rust-lang/crates.io-index"
checksum = "9683f9a5a998d873c0d21fcbe3c083009670149a8fab228644b8bd36b2c48cb3"
dependencies = [
 "wit-bindgen-rt",
]

[[package]]
name = "wayland-client"
version = "0.12.5"
source = "registry+https://github.com/rust-lang/crates.io-index"
checksum = "2b90adf943117ee4930d7944fe103dcb6f36ba05421f46521cb5adbf6bf0fbc8"
dependencies = [
 "bitflags 1.3.2",
 "libc",
 "token_store",
 "wayland-scanner",
 "wayland-sys",
]

[[package]]
name = "wayland-kbd"
version = "0.13.1"
source = "registry+https://github.com/rust-lang/crates.io-index"
checksum = "4fe0fb1c9917da9529d781659e456d84a693d74fe873d1658109758444616f76"
dependencies = [
 "bitflags 1.3.2",
 "dlib",
 "lazy_static",
 "memmap",
 "wayland-client",
]

[[package]]
name = "wayland-protocols"
version = "0.12.5"
source = "registry+https://github.com/rust-lang/crates.io-index"
checksum = "fb5942dd2fc79d934db437c9ea3aabffceb49b546046ea453bcba531005e5537"
dependencies = [
 "bitflags 1.3.2",
 "wayland-client",
 "wayland-scanner",
 "wayland-sys",
]

[[package]]
name = "wayland-scanner"
version = "0.12.5"
source = "registry+https://github.com/rust-lang/crates.io-index"
checksum = "dcffa55a621e6f2c3d436de64d840fc325e1d0a467b92ee5e7292e17552e08ad"
dependencies = [
 "xml-rs 0.7.0",
]

[[package]]
name = "wayland-sys"
version = "0.12.5"
source = "registry+https://github.com/rust-lang/crates.io-index"
checksum = "377a2f83063c463e801ca10ae8cb9666e6e597eecac0049ac36cc7b9a83b0db3"
dependencies = [
 "dlib",
 "lazy_static",
]

[[package]]
name = "wayland-window"
version = "0.13.3"
source = "registry+https://github.com/rust-lang/crates.io-index"
checksum = "e5bf431e84f0de9cd06a30b2fb9ab9458f449cb6c36277da703e979ad5c141b1"
dependencies = [
 "memmap",
 "tempfile",
 "wayland-client",
 "wayland-protocols",
]

[[package]]
name = "winapi"
version = "0.3.9"
source = "registry+https://github.com/rust-lang/crates.io-index"
checksum = "5c839a674fcd7a98952e593242ea400abe93992746761e38641405d28b00f419"
dependencies = [
 "winapi-i686-pc-windows-gnu",
 "winapi-x86_64-pc-windows-gnu",
]

[[package]]
name = "winapi-i686-pc-windows-gnu"
version = "0.4.0"
source = "registry+https://github.com/rust-lang/crates.io-index"
checksum = "ac3b87c63620426dd9b991e5ce0329eff545bccbbb34f3be09ff6fb6ab51b7b6"

[[package]]
name = "winapi-x86_64-pc-windows-gnu"
version = "0.4.0"
source = "registry+https://github.com/rust-lang/crates.io-index"
checksum = "712e227841d057c1ee1cd2fb22fa7e5a5461ae8e48fa2ca79ec42cfc1931183f"

[[package]]
name = "windows-link"
version = "0.1.3"
source = "registry+https://github.com/rust-lang/crates.io-index"
checksum = "5e6ad25900d524eaabdbbb96d20b4311e1e7ae1699af4fb28c17ae66c80d798a"

[[package]]
name = "windows-sys"
version = "0.59.0"
source = "registry+https://github.com/rust-lang/crates.io-index"
checksum = "1e38bc4d79ed67fd075bcc251a1c39b32a1776bbe92e5bef1f0bf1f8c531853b"
dependencies = [
 "windows-targets 0.52.6",
]

[[package]]
name = "windows-sys"
version = "0.60.2"
source = "registry+https://github.com/rust-lang/crates.io-index"
checksum = "f2f500e4d28234f72040990ec9d39e3a6b950f9f22d3dba18416c35882612bcb"
dependencies = [
 "windows-targets 0.53.3",
]

[[package]]
name = "windows-targets"
version = "0.52.6"
source = "registry+https://github.com/rust-lang/crates.io-index"
checksum = "9b724f72796e036ab90c1021d4780d4d3d648aca59e491e6b98e725b84e99973"
dependencies = [
 "windows_aarch64_gnullvm 0.52.6",
 "windows_aarch64_msvc 0.52.6",
 "windows_i686_gnu 0.52.6",
 "windows_i686_gnullvm 0.52.6",
 "windows_i686_msvc 0.52.6",
 "windows_x86_64_gnu 0.52.6",
 "windows_x86_64_gnullvm 0.52.6",
 "windows_x86_64_msvc 0.52.6",
]

[[package]]
name = "windows-targets"
version = "0.53.3"
source = "registry+https://github.com/rust-lang/crates.io-index"
checksum = "d5fe6031c4041849d7c496a8ded650796e7b6ecc19df1a431c1a363342e5dc91"
dependencies = [
 "windows-link",
 "windows_aarch64_gnullvm 0.53.0",
 "windows_aarch64_msvc 0.53.0",
 "windows_i686_gnu 0.53.0",
 "windows_i686_gnullvm 0.53.0",
 "windows_i686_msvc 0.53.0",
 "windows_x86_64_gnu 0.53.0",
 "windows_x86_64_gnullvm 0.53.0",
 "windows_x86_64_msvc 0.53.0",
]

[[package]]
name = "windows_aarch64_gnullvm"
version = "0.52.6"
source = "registry+https://github.com/rust-lang/crates.io-index"
checksum = "32a4622180e7a0ec044bb555404c800bc9fd9ec262ec147edd5989ccd0c02cd3"

[[package]]
name = "windows_aarch64_gnullvm"
version = "0.53.0"
source = "registry+https://github.com/rust-lang/crates.io-index"
checksum = "86b8d5f90ddd19cb4a147a5fa63ca848db3df085e25fee3cc10b39b6eebae764"

[[package]]
name = "windows_aarch64_msvc"
version = "0.52.6"
source = "registry+https://github.com/rust-lang/crates.io-index"
checksum = "09ec2a7bb152e2252b53fa7803150007879548bc709c039df7627cabbd05d469"

[[package]]
name = "windows_aarch64_msvc"
version = "0.53.0"
source = "registry+https://github.com/rust-lang/crates.io-index"
checksum = "c7651a1f62a11b8cbd5e0d42526e55f2c99886c77e007179efff86c2b137e66c"

[[package]]
name = "windows_i686_gnu"
version = "0.52.6"
source = "registry+https://github.com/rust-lang/crates.io-index"
checksum = "8e9b5ad5ab802e97eb8e295ac6720e509ee4c243f69d781394014ebfe8bbfa0b"

[[package]]
name = "windows_i686_gnu"
version = "0.53.0"
source = "registry+https://github.com/rust-lang/crates.io-index"
checksum = "c1dc67659d35f387f5f6c479dc4e28f1d4bb90ddd1a5d3da2e5d97b42d6272c3"

[[package]]
name = "windows_i686_gnullvm"
version = "0.52.6"
source = "registry+https://github.com/rust-lang/crates.io-index"
checksum = "0eee52d38c090b3caa76c563b86c3a4bd71ef1a819287c19d586d7334ae8ed66"

[[package]]
name = "windows_i686_gnullvm"
version = "0.53.0"
source = "registry+https://github.com/rust-lang/crates.io-index"
checksum = "9ce6ccbdedbf6d6354471319e781c0dfef054c81fbc7cf83f338a4296c0cae11"

[[package]]
name = "windows_i686_msvc"
version = "0.52.6"
source = "registry+https://github.com/rust-lang/crates.io-index"
checksum = "240948bc05c5e7c6dabba28bf89d89ffce3e303022809e73deaefe4f6ec56c66"

[[package]]
name = "windows_i686_msvc"
version = "0.53.0"
source = "registry+https://github.com/rust-lang/crates.io-index"
checksum = "581fee95406bb13382d2f65cd4a908ca7b1e4c2f1917f143ba16efe98a589b5d"

[[package]]
name = "windows_x86_64_gnu"
version = "0.52.6"
source = "registry+https://github.com/rust-lang/crates.io-index"
checksum = "147a5c80aabfbf0c7d901cb5895d1de30ef2907eb21fbbab29ca94c5b08b1a78"

[[package]]
name = "windows_x86_64_gnu"
version = "0.53.0"
source = "registry+https://github.com/rust-lang/crates.io-index"
checksum = "2e55b5ac9ea33f2fc1716d1742db15574fd6fc8dadc51caab1c16a3d3b4190ba"

[[package]]
name = "windows_x86_64_gnullvm"
version = "0.52.6"
source = "registry+https://github.com/rust-lang/crates.io-index"
checksum = "24d5b23dc417412679681396f2b49f3de8c1473deb516bd34410872eff51ed0d"

[[package]]
name = "windows_x86_64_gnullvm"
version = "0.53.0"
source = "registry+https://github.com/rust-lang/crates.io-index"
checksum = "0a6e035dd0599267ce1ee132e51c27dd29437f63325753051e71dd9e42406c57"

[[package]]
name = "windows_x86_64_msvc"
version = "0.52.6"
source = "registry+https://github.com/rust-lang/crates.io-index"
checksum = "589f6da84c646204747d1270a2a5661ea66ed1cced2631d546fdfb155959f9ec"

[[package]]
name = "windows_x86_64_msvc"
version = "0.53.0"
source = "registry+https://github.com/rust-lang/crates.io-index"
checksum = "271414315aff87387382ec3d271b52d7ae78726f5d44ac98b4f4030c91880486"

[[package]]
name = "winit"
version = "0.10.0"
source = "registry+https://github.com/rust-lang/crates.io-index"
checksum = "491e1305250e728fd9b8ef86ecef4e17a3293e87e51c7bc31e7a3913ec957d37"
dependencies = [
 "android_glue",
 "cocoa 0.13.0",
 "core-foundation 0.4.6",
 "core-graphics 0.12.4",
 "lazy_static",
 "libc",
 "objc",
 "percent-encoding",
 "wayland-client",
 "wayland-kbd",
 "wayland-protocols",
 "wayland-window",
 "winapi",
 "x11-dl",
]

[[package]]
name = "wit-bindgen-rt"
version = "0.39.0"
source = "registry+https://github.com/rust-lang/crates.io-index"
checksum = "6f42320e61fe2cfd34354ecb597f86f413484a798ba44a8ca1165c58d42da6c1"
dependencies = [
 "bitflags 2.9.1",
]

[[package]]
name = "x11-dl"
version = "2.21.0"
source = "registry+https://github.com/rust-lang/crates.io-index"
checksum = "38735924fedd5314a6e548792904ed8c6de6636285cb9fec04d5b1db85c1516f"
dependencies = [
 "libc",
 "once_cell",
 "pkg-config",
]

[[package]]
name = "xml-rs"
version = "0.7.0"
source = "registry+https://github.com/rust-lang/crates.io-index"
checksum = "3c1cb601d29fe2c2ac60a2b2e5e293994d87a1f6fa9687a31a15270f909be9c2"
dependencies = [
 "bitflags 1.3.2",
]

[[package]]
name = "xml-rs"
version = "0.8.27"
source = "registry+https://github.com/rust-lang/crates.io-index"
checksum = "6fd8403733700263c6eb89f192880191f1b83e332f7a20371ddcf421c4a337c7"
