{
  "name": "marp",
  "version": "1.0.0",
  "lockfileVersion": 2,
  "requires": true,
  "packages": {
    "": {
      "name": "marp",
      "version": "1.0.0",
      "license": "ISC",
      "dependencies": {
        "@marp-team/marp-core": "^4.1.0",
        "@marp-team/marpit": "^3.2.0"
      }
    },
    "node_modules/@csstools/postcss-is-pseudo-class": {
      "version": "5.0.3",
      "resolved": "https://registry.npmjs.org/@csstools/postcss-is-pseudo-class/-/postcss-is-pseudo-class-5.0.3.tgz",
      "integrity": "sha512-jS/TY4SpG4gszAtIg7Qnf3AS2pjcUM5SzxpApOrlndMeGhIbaTzWBzzP/IApXoNWEW7OhcjkRT48jnAUIFXhAQ==",
      "funding": [
        {
          "type": "github",
          "url": "https://github.com/sponsors/csstools"
        },
        {
          "type": "opencollective",
          "url": "https://opencollective.com/csstools"
        }
      ],
      "dependencies": {
        "@csstools/selector-specificity": "^5.0.0",
        "postcss-selector-parser": "^7.0.0"
      },
      "engines": {
        "node": ">=18"
      },
      "peerDependencies": {
        "postcss": "^8.4"
      }
    },
    "node_modules/@csstools/selector-resolve-nested": {
      "version": "3.1.0",
      "resolved": "https://registry.npmjs.org/@csstools/selector-resolve-nested/-/selector-resolve-nested-3.1.0.tgz",
      "integrity": "sha512-mf1LEW0tJLKfWyvn5KdDrhpxHyuxpbNwTIwOYLIvsTffeyOf85j5oIzfG0yosxDgx/sswlqBnESYUcQH0vgZ0g==",
      "funding": [
        {
          "type": "github",
          "url": "https://github.com/sponsors/csstools"
        },
        {
          "type": "opencollective",
          "url": "https://opencollective.com/csstools"
        }
      ],
      "engines": {
        "node": ">=18"
      },
      "peerDependencies": {
        "postcss-selector-parser": "^7.0.0"
      }
    },
    "node_modules/@csstools/selector-specificity": {
      "version": "5.0.0",
      "resolved": "https://registry.npmjs.org/@csstools/selector-specificity/-/selector-specificity-5.0.0.tgz",
      "integrity": "sha512-PCqQV3c4CoVm3kdPhyeZ07VmBRdH2EpMFA/pd9OASpOEC3aXNGoqPDAZ80D0cLpMBxnmk0+yNhGsEx31hq7Gtw==",
      "funding": [
        {
          "type": "github",
          "url": "https://github.com/sponsors/csstools"
        },
        {
          "type": "opencollective",
          "url": "https://opencollective.com/csstools"
        }
      ],
      "engines": {
        "node": ">=18"
      },
      "peerDependencies": {
        "postcss-selector-parser": "^7.0.0"
      }
    },
    "node_modules/@marp-team/marp-core": {
      "version": "4.1.0",
      "resolved": "https://registry.npmjs.org/@marp-team/marp-core/-/marp-core-4.1.0.tgz",
      "integrity": "sha512-QJ79tGpr3itR4TVQ4Cbe9J0kLHg9sR5cNX19OWSHeVK9EjDzMA9iCwS+OCRMKBAvRHo0LGUJC3lm9wUBg3Ud6A==",
      "dependencies": {
        "@marp-team/marpit": "^3.1.3",
        "@marp-team/marpit-svg-polyfill": "^2.1.0",
        "highlight.js": "^11.11.1",
        "katex": "^0.16.22",
        "mathjax-full": "^3.2.2",
        "postcss": "^8.5.3",
        "postcss-selector-parser": "^7.1.0",
        "xss": "^1.0.15"
      },
      "engines": {
        "node": ">=18"
      }
    },
    "node_modules/@marp-team/marpit": {
      "version": "3.2.0",
      "resolved": "https://registry.npmjs.org/@marp-team/marpit/-/marpit-3.2.0.tgz",
      "integrity": "sha512-DNCbwkAKugzCtiHJg/7DciIRwnKwAI2QH3VWWC1cVxoBBQTPnH5D9HcWqpDdduUqnCuW2PY78afVo+QlaInDdQ==",
      "dependencies": {
        "@csstools/postcss-is-pseudo-class": "^5.0.3",
        "cssesc": "^3.0.0",
        "js-yaml": "^4.1.0",
        "lodash.kebabcase": "^4.1.1",
        "markdown-it": "^14.1.0",
        "markdown-it-front-matter": "^0.2.4",
        "postcss": "^8.5.6",
        "postcss-nesting": "^13.0.2"
      },
      "engines": {
        "node": ">=18"
      }
    },
    "node_modules/@marp-team/marpit-svg-polyfill": {
      "version": "2.1.0",
      "resolved": "https://registry.npmjs.org/@marp-team/marpit-svg-polyfill/-/marpit-svg-polyfill-2.1.0.tgz",
      "integrity": "sha512-VqCoAKwv1HJdzZp36dDPxznz2JZgRjkVSSPHpCzk72G2N753F0HPKXjevdjxmzN6gir9bUGBgMD1SguWJIi11A==",
      "engines": {
        "node": ">=10"
      },
      "peerDependencies": {
        "@marp-team/marpit": ">=0.5.0"
      },
      "peerDependenciesMeta": {
        "@marp-team/marpit": {
          "optional": true
        }
      }
    },
    "node_modules/@xmldom/xmldom": {
      "version": "0.9.8",
      "resolved": "https://registry.npmjs.org/@xmldom/xmldom/-/xmldom-0.9.8.tgz",
      "integrity": "sha512-p96FSY54r+WJ50FIOsCOjyj/wavs8921hG5+kVMmZgKcvIKxMXHTrjNJvRgWa/zuX3B6t2lijLNFaOyuxUH+2A==",
      "engines": {
        "node": ">=14.6"
      }
    },
    "node_modules/argparse": {
      "version": "2.0.1",
      "resolved": "https://registry.npmjs.org/argparse/-/argparse-2.0.1.tgz",
      "integrity": "sha512-8+9WqebbFzpX9OR+Wa6O29asIogeRMzcGtAINdpMHHyAg10f05aSFVBbcEqGf/PXw1EjAZ+q2/bEBg3DvurK3Q=="
    },
    "node_modules/commander": {
      "version": "8.3.0",
      "resolved": "https://registry.npmjs.org/commander/-/commander-8.3.0.tgz",
      "integrity": "sha512-OkTL9umf+He2DZkUq8f8J9of7yL6RJKI24dVITBmNfZBmri9zYZQrKkuXiKhyfPSu8tUhnVBB1iKXevvnlR4Ww==",
      "engines": {
        "node": ">= 12"
      }
    },
    "node_modules/cssesc": {
      "version": "3.0.0",
      "resolved": "https://registry.npmjs.org/cssesc/-/cssesc-3.0.0.tgz",
      "integrity": "sha512-/Tb/JcjK111nNScGob5MNtsntNM1aCNUDipB/TkwZFhyDrrE47SOx/18wF2bbjgc3ZzCSKW1T5nt5EbFoAz/Vg==",
      "bin": {
        "cssesc": "bin/cssesc"
      },
      "engines": {
        "node": ">=4"
      }
    },
    "node_modules/cssfilter": {
      "version": "0.0.10",
      "resolved": "https://registry.npmjs.org/cssfilter/-/cssfilter-0.0.10.tgz",
      "integrity": "sha512-FAaLDaplstoRsDR8XGYH51znUN0UY7nMc6Z9/fvE8EXGwvJE9hu7W2vHwx1+bd6gCYnln9nLbzxFTrcO9YQDZw=="
    },
    "node_modules/entities": {
      "version": "4.5.0",
      "resolved": "https://registry.npmjs.org/entities/-/entities-4.5.0.tgz",
      "integrity": "sha512-V0hjH4dGPh9Ao5p0MoRY6BVqtwCjhz6vI5LT8AJ55H+4g9/4vbHx1I54fS0XuclLhDHArPQCiMjDxjaL8fPxhw==",
      "engines": {
        "node": ">=0.12"
      },
      "funding": {
        "url": "https://github.com/fb55/entities?sponsor=1"
      }
    },
    "node_modules/esm": {
      "version": "3.2.25",
      "resolved": "https://registry.npmjs.org/esm/-/esm-3.2.25.tgz",
      "integrity": "sha512-U1suiZ2oDVWv4zPO56S0NcR5QriEahGtdN2OR6FiOG4WJvcjBVFB0qI4+eKoWFH483PKGuLuu6V8Z4T5g63UVA==",
      "engines": {
        "node": ">=6"
      }
    },
    "node_modules/highlight.js": {
      "version": "11.11.1",
      "resolved": "https://registry.npmjs.org/highlight.js/-/highlight.js-11.11.1.tgz",
      "integrity": "sha512-Xwwo44whKBVCYoliBQwaPvtd/2tYFkRQtXDWj1nackaV2JPXx3L0+Jvd8/qCJ2p+ML0/XVkJ2q+Mr+UVdpJK5w==",
      "engines": {
        "node": ">=12.0.0"
      }
    },
    "node_modules/js-yaml": {
      "version": "4.1.0",
      "resolved": "https://registry.npmjs.org/js-yaml/-/js-yaml-4.1.0.tgz",
      "integrity": "sha512-wpxZs9NoxZaJESJGIZTyDEaYpl0FKSA+FB9aJiyemKhMwkxQg63h4T1KJgUGHpTqPDNRcmmYLugrRjJlBtWvRA==",
      "dependencies": {
        "argparse": "^2.0.1"
      },
      "bin": {
        "js-yaml": "bin/js-yaml.js"
      }
    },
    "node_modules/katex": {
      "version": "0.16.25",
      "resolved": "https://registry.npmjs.org/katex/-/katex-0.16.25.tgz",
      "integrity": "sha512-woHRUZ/iF23GBP1dkDQMh1QBad9dmr8/PAwNA54VrSOVYgI12MAcE14TqnDdQOdzyEonGzMepYnqBMYdsoAr8Q==",
      "funding": [
        "https://opencollective.com/katex",
        "https://github.com/sponsors/katex"
      ],
      "dependencies": {
        "commander": "^8.3.0"
      },
      "bin": {
        "katex": "cli.js"
      }
    },
    "node_modules/linkify-it": {
      "version": "5.0.0",
      "resolved": "https://registry.npmjs.org/linkify-it/-/linkify-it-5.0.0.tgz",
      "integrity": "sha512-5aHCbzQRADcdP+ATqnDuhhJ/MRIqDkZX5pyjFHRRysS8vZ5AbqGEoFIb6pYHPZ+L/OC2Lc+xT8uHVVR5CAK/wQ==",
      "dependencies": {
        "uc.micro": "^2.0.0"
      }
    },
    "node_modules/lodash.kebabcase": {
      "version": "4.1.1",
      "resolved": "https://registry.npmjs.org/lodash.kebabcase/-/lodash.kebabcase-4.1.1.tgz",
      "integrity": "sha512-N8XRTIMMqqDgSy4VLKPnJ/+hpGZN+PHQiJnSenYqPaVV/NCqEogTnAdZLQiGKhxX+JCs8waWq2t1XHWKOmlY8g=="
    },
    "node_modules/markdown-it": {
      "version": "14.1.0",
      "resolved": "https://registry.npmjs.org/markdown-it/-/markdown-it-14.1.0.tgz",
      "integrity": "sha512-a54IwgWPaeBCAAsv13YgmALOF1elABB08FxO9i+r4VFk5Vl4pKokRPeX8u5TCgSsPi6ec1otfLjdOpVcgbpshg==",
      "dependencies": {
        "argparse": "^2.0.1",
        "entities": "^4.4.0",
        "linkify-it": "^5.0.0",
        "mdurl": "^2.0.0",
        "punycode.js": "^2.3.1",
        "uc.micro": "^2.1.0"
      },
      "bin": {
        "markdown-it": "bin/markdown-it.mjs"
      }
    },
    "node_modules/markdown-it-front-matter": {
      "version": "0.2.4",
      "resolved": "https://registry.npmjs.org/markdown-it-front-matter/-/markdown-it-front-matter-0.2.4.tgz",
      "integrity": "sha512-25GUs0yjS2hLl8zAemVndeEzThB1p42yxuDEKbd4JlL3jiz+jsm6e56Ya8B0VREOkNxLYB4TTwaoPJ3ElMmW+w=="
    },
    "node_modules/mathjax-full": {
      "version": "3.2.2",
      "resolved": "https://registry.npmjs.org/mathjax-full/-/mathjax-full-3.2.2.tgz",
      "integrity": "sha512-+LfG9Fik+OuI8SLwsiR02IVdjcnRCy5MufYLi0C3TdMT56L/pjB0alMVGgoWJF8pN9Rc7FESycZB9BMNWIid5w==",
      "dependencies": {
        "esm": "^3.2.25",
        "mhchemparser": "^4.1.0",
        "mj-context-menu": "^0.6.1",
        "speech-rule-engine": "^4.0.6"
      }
    },
    "node_modules/mdurl": {
      "version": "2.0.0",
      "resolved": "https://registry.npmjs.org/mdurl/-/mdurl-2.0.0.tgz",
      "integrity": "sha512-Lf+9+2r+Tdp5wXDXC4PcIBjTDtq4UKjCPMQhKIuzpJNW0b96kVqSwW0bT7FhRSfmAiFYgP+SCRvdrDozfh0U5w=="
    },
    "node_modules/mhchemparser": {
      "version": "4.2.1",
      "resolved": "https://registry.npmjs.org/mhchemparser/-/mhchemparser-4.2.1.tgz",
      "integrity": "sha512-kYmyrCirqJf3zZ9t/0wGgRZ4/ZJw//VwaRVGA75C4nhE60vtnIzhl9J9ndkX/h6hxSN7pjg/cE0VxbnNM+bnDQ=="
    },
    "node_modules/mj-context-menu": {
      "version": "0.6.1",
      "resolved": "https://registry.npmjs.org/mj-context-menu/-/mj-context-menu-0.6.1.tgz",
      "integrity": "sha512-7NO5s6n10TIV96d4g2uDpG7ZDpIhMh0QNfGdJw/W47JswFcosz457wqz/b5sAKvl12sxINGFCn80NZHKwxQEXA=="
    },
    "node_modules/nanoid": {
      "version": "3.3.11",
      "resolved": "https://registry.npmjs.org/nanoid/-/nanoid-3.3.11.tgz",
      "integrity": "sha512-N8SpfPUnUp1bK+PMYW8qSWdl9U+wwNWI4QKxOYDy9JAro3WMX7p2OeVRF9v+347pnakNevPmiHhNmZ2HbFA76w==",
      "funding": [
        {
          "type": "github",
          "url": "https://github.com/sponsors/ai"
        }
      ],
      "bin": {
        "nanoid": "bin/nanoid.cjs"
      },
      "engines": {
        "node": "^10 || ^12 || ^13.7 || ^14 || >=15.0.1"
      }
    },
    "node_modules/picocolors": {
      "version": "1.1.1",
      "resolved": "https://registry.npmjs.org/picocolors/-/picocolors-1.1.1.tgz",
      "integrity": "sha512-xceH2snhtb5M9liqDsmEw56le376mTZkEX/jEb/RxNFyegNul7eNslCXP9FDj/Lcu0X8KEyMceP2ntpaHrDEVA=="
    },
    "node_modules/postcss": {
      "version": "8.5.6",
      "resolved": "https://registry.npmjs.org/postcss/-/postcss-8.5.6.tgz",
      "integrity": "sha512-3Ybi1tAuwAP9s0r1UQ2J4n5Y0G05bJkpUIO0/bI9MhwmD70S5aTWbXGBwxHrelT+XM1k6dM0pk+SwNkpTRN7Pg==",
      "funding": [
        {
          "type": "opencollective",
          "url": "https://opencollective.com/postcss/"
        },
        {
          "type": "tidelift",
          "url": "https://tidelift.com/funding/github/npm/postcss"
        },
        {
          "type": "github",
          "url": "https://github.com/sponsors/ai"
        }
      ],
      "dependencies": {
        "nanoid": "^3.3.11",
        "picocolors": "^1.1.1",
        "source-map-js": "^1.2.1"
      },
      "engines": {
        "node": "^10 || ^12 || >=14"
      }
    },
    "node_modules/postcss-nesting": {
      "version": "13.0.2",
      "resolved": "https://registry.npmjs.org/postcss-nesting/-/postcss-nesting-13.0.2.tgz",
      "integrity": "sha512-1YCI290TX+VP0U/K/aFxzHzQWHWURL+CtHMSbex1lCdpXD1SoR2sYuxDu5aNI9lPoXpKTCggFZiDJbwylU0LEQ==",
      "funding": [
        {
          "type": "github",
          "url": "https://github.com/sponsors/csstools"
        },
        {
          "type": "opencollective",
          "url": "https://opencollective.com/csstools"
        }
      ],
      "dependencies": {
        "@csstools/selector-resolve-nested": "^3.1.0",
        "@csstools/selector-specificity": "^5.0.0",
        "postcss-selector-parser": "^7.0.0"
      },
      "engines": {
        "node": ">=18"
      },
      "peerDependencies": {
        "postcss": "^8.4"
      }
    },
    "node_modules/postcss-selector-parser": {
      "version": "7.1.0",
      "resolved": "https://registry.npmjs.org/postcss-selector-parser/-/postcss-selector-parser-7.1.0.tgz",
      "integrity": "sha512-8sLjZwK0R+JlxlYcTuVnyT2v+htpdrjDOKuMcOVdYjt52Lh8hWRYpxBPoKx/Zg+bcjc3wx6fmQevMmUztS/ccA==",
      "dependencies": {
        "cssesc": "^3.0.0",
        "util-deprecate": "^1.0.2"
      },
      "engines": {
        "node": ">=4"
      }
    },
    "node_modules/punycode.js": {
      "version": "2.3.1",
      "resolved": "https://registry.npmjs.org/punycode.js/-/punycode.js-2.3.1.tgz",
      "integrity": "sha512-uxFIHU0YlHYhDQtV4R9J6a52SLx28BCjT+4ieh7IGbgwVJWO+km431c4yRlREUAsAmt/uMjQUyQHNEPf0M39CA==",
      "engines": {
        "node": ">=6"
      }
    },
    "node_modules/source-map-js": {
      "version": "1.2.1",
      "resolved": "https://registry.npmjs.org/source-map-js/-/source-map-js-1.2.1.tgz",
      "integrity": "sha512-UXWMKhLOwVKb728IUtQPXxfYU+usdybtUrK/8uGE8CQMvrhOpwvzDBwj0QhSL7MQc7vIsISBG8VQ8+IDQxpfQA==",
      "engines": {
        "node": ">=0.10.0"
      }
    },
    "node_modules/speech-rule-engine": {
      "version": "4.1.2",
      "resolved": "https://registry.npmjs.org/speech-rule-engine/-/speech-rule-engine-4.1.2.tgz",
      "integrity": "sha512-S6ji+flMEga+1QU79NDbwZ8Ivf0S/MpupQQiIC0rTpU/ZTKgcajijJJb1OcByBQDjrXCN1/DJtGz4ZJeBMPGJw==",
      "dependencies": {
        "@xmldom/xmldom": "0.9.8",
        "commander": "13.1.0",
        "wicked-good-xpath": "1.3.0"
      },
      "bin": {
        "sre": "bin/sre"
      }
    },
    "node_modules/speech-rule-engine/node_modules/commander": {
      "version": "13.1.0",
      "resolved": "https://registry.npmjs.org/commander/-/commander-13.1.0.tgz",
      "integrity": "sha512-/rFeCpNJQbhSZjGVwO9RFV3xPqbnERS8MmIQzCtD/zl6gpJuV/bMLuN92oG3F7d8oDEHHRrujSXNUr8fpjntKw==",
      "engines": {
        "node": ">=18"
      }
    },
    "node_modules/uc.micro": {
      "version": "2.1.0",
      "resolved": "https://registry.npmjs.org/uc.micro/-/uc.micro-2.1.0.tgz",
      "integrity": "sha512-ARDJmphmdvUk6Glw7y9DQ2bFkKBHwQHLi2lsaH6PPmz/Ka9sFOBsBluozhDltWmnv9u/cF6Rt87znRTPV+yp/A=="
    },
    "node_modules/util-deprecate": {
      "version": "1.0.2",
      "resolved": "https://registry.npmjs.org/util-deprecate/-/util-deprecate-1.0.2.tgz",
      "integrity": "sha512-EPD5q1uXyFxJpCrLnCc1nHnq3gOa6DZBocAIiI2TaSCA7VCJ1UJDMagCzIkXNsUYfD1daK//LTEQ8xiIbrHtcw=="
    },
    "node_modules/wicked-good-xpath": {
      "version": "1.3.0",
      "resolved": "https://registry.npmjs.org/wicked-good-xpath/-/wicked-good-xpath-1.3.0.tgz",
      "integrity": "sha512-Gd9+TUn5nXdwj/hFsPVx5cuHHiF5Bwuc30jZ4+ronF1qHK5O7HD0sgmXWSEgwKquT3ClLoKPVbO6qGwVwLzvAw=="
    },
    "node_modules/xss": {
      "version": "1.0.15",
      "resolved": "https://registry.npmjs.org/xss/-/xss-1.0.15.tgz",
      "integrity": "sha512-FVdlVVC67WOIPvfOwhoMETV72f6GbW7aOabBC3WxN/oUdoEMDyLz4OgRv5/gck2ZeNqEQu+Tb0kloovXOfpYVg==",
      "dependencies": {
        "commander": "^2.20.3",
        "cssfilter": "0.0.10"
      },
      "bin": {
        "xss": "bin/xss"
      },
      "engines": {
        "node": ">= 0.10.0"
      }
    },
    "node_modules/xss/node_modules/commander": {
      "version": "2.20.3",
      "resolved": "https://registry.npmjs.org/commander/-/commander-2.20.3.tgz",
      "integrity": "sha512-GpVkmM8vF2vQUkj2LvZmD35JxeJOLCwJ9cUkugyk2nuhbv3+mJvpLYYt+0+USMxE+oj+ey/lJEnhZw75x/OMcQ=="
    }
  },
  "dependencies": {
    "@csstools/postcss-is-pseudo-class": {
      "version": "5.0.3",
      "resolved": "https://registry.npmjs.org/@csstools/postcss-is-pseudo-class/-/postcss-is-pseudo-class-5.0.3.tgz",
      "integrity": "sha512-jS/TY4SpG4gszAtIg7Qnf3AS2pjcUM5SzxpApOrlndMeGhIbaTzWBzzP/IApXoNWEW7OhcjkRT48jnAUIFXhAQ==",
      "requires": {
        "@csstools/selector-specificity": "^5.0.0",
        "postcss-selector-parser": "^7.0.0"
      }
    },
    "@csstools/selector-resolve-nested": {
      "version": "3.1.0",
      "resolved": "https://registry.npmjs.org/@csstools/selector-resolve-nested/-/selector-resolve-nested-3.1.0.tgz",
      "integrity": "sha512-mf1LEW0tJLKfWyvn5KdDrhpxHyuxpbNwTIwOYLIvsTffeyOf85j5oIzfG0yosxDgx/sswlqBnESYUcQH0vgZ0g==",
      "requires": {}
    },
    "@csstools/selector-specificity": {
      "version": "5.0.0",
      "resolved": "https://registry.npmjs.org/@csstools/selector-specificity/-/selector-specificity-5.0.0.tgz",
      "integrity": "sha512-PCqQV3c4CoVm3kdPhyeZ07VmBRdH2EpMFA/pd9OASpOEC3aXNGoqPDAZ80D0cLpMBxnmk0+yNhGsEx31hq7Gtw==",
      "requires": {}
    },
    "@marp-team/marp-core": {
      "version": "4.1.0",
      "resolved": "https://registry.npmjs.org/@marp-team/marp-core/-/marp-core-4.1.0.tgz",
      "integrity": "sha512-QJ79tGpr3itR4TVQ4Cbe9J0kLHg9sR5cNX19OWSHeVK9EjDzMA9iCwS+OCRMKBAvRHo0LGUJC3lm9wUBg3Ud6A==",
      "requires": {
        "@marp-team/marpit": "^3.1.3",
        "@marp-team/marpit-svg-polyfill": "^2.1.0",
        "highlight.js": "^11.11.1",
        "katex": "^0.16.22",
        "mathjax-full": "^3.2.2",
        "postcss": "^8.5.3",
        "postcss-selector-parser": "^7.1.0",
        "xss": "^1.0.15"
      }
    },
    "@marp-team/marpit": {
      "version": "3.2.0",
      "resolved": "https://registry.npmjs.org/@marp-team/marpit/-/marpit-3.2.0.tgz",
      "integrity": "sha512-DNCbwkAKugzCtiHJg/7DciIRwnKwAI2QH3VWWC1cVxoBBQTPnH5D9HcWqpDdduUqnCuW2PY78afVo+QlaInDdQ==",
      "requires": {
        "@csstools/postcss-is-pseudo-class": "^5.0.3",
        "cssesc": "^3.0.0",
        "js-yaml": "^4.1.0",
        "lodash.kebabcase": "^4.1.1",
        "markdown-it": "^14.1.0",
        "markdown-it-front-matter": "^0.2.4",
        "postcss": "^8.5.6",
        "postcss-nesting": "^13.0.2"
      }
    },
    "@marp-team/marpit-svg-polyfill": {
      "version": "2.1.0",
      "resolved": "https://registry.npmjs.org/@marp-team/marpit-svg-polyfill/-/marpit-svg-polyfill-2.1.0.tgz",
      "integrity": "sha512-VqCoAKwv1HJdzZp36dDPxznz2JZgRjkVSSPHpCzk72G2N753F0HPKXjevdjxmzN6gir9bUGBgMD1SguWJIi11A==",
      "requires": {}
    },
    "@xmldom/xmldom": {
      "version": "0.9.8",
      "resolved": "https://registry.npmjs.org/@xmldom/xmldom/-/xmldom-0.9.8.tgz",
      "integrity": "sha512-p96FSY54r+WJ50FIOsCOjyj/wavs8921hG5+kVMmZgKcvIKxMXHTrjNJvRgWa/zuX3B6t2lijLNFaOyuxUH+2A=="
    },
    "argparse": {
      "version": "2.0.1",
      "resolved": "https://registry.npmjs.org/argparse/-/argparse-2.0.1.tgz",
      "integrity": "sha512-8+9WqebbFzpX9OR+Wa6O29asIogeRMzcGtAINdpMHHyAg10f05aSFVBbcEqGf/PXw1EjAZ+q2/bEBg3DvurK3Q=="
    },
    "commander": {
      "version": "8.3.0",
      "resolved": "https://registry.npmjs.org/commander/-/commander-8.3.0.tgz",
      "integrity": "sha512-OkTL9umf+He2DZkUq8f8J9of7yL6RJKI24dVITBmNfZBmri9zYZQrKkuXiKhyfPSu8tUhnVBB1iKXevvnlR4Ww=="
    },
    "cssesc": {
      "version": "3.0.0",
      "resolved": "https://registry.npmjs.org/cssesc/-/cssesc-3.0.0.tgz",
      "integrity": "sha512-/Tb/JcjK111nNScGob5MNtsntNM1aCNUDipB/TkwZFhyDrrE47SOx/18wF2bbjgc3ZzCSKW1T5nt5EbFoAz/Vg=="
    },
    "cssfilter": {
      "version": "0.0.10",
      "resolved": "https://registry.npmjs.org/cssfilter/-/cssfilter-0.0.10.tgz",
      "integrity": "sha512-FAaLDaplstoRsDR8XGYH51znUN0UY7nMc6Z9/fvE8EXGwvJE9hu7W2vHwx1+bd6gCYnln9nLbzxFTrcO9YQDZw=="
    },
    "entities": {
      "version": "4.5.0",
      "resolved": "https://registry.npmjs.org/entities/-/entities-4.5.0.tgz",
      "integrity": "sha512-V0hjH4dGPh9Ao5p0MoRY6BVqtwCjhz6vI5LT8AJ55H+4g9/4vbHx1I54fS0XuclLhDHArPQCiMjDxjaL8fPxhw=="
    },
    "esm": {
      "version": "3.2.25",
      "resolved": "https://registry.npmjs.org/esm/-/esm-3.2.25.tgz",
      "integrity": "sha512-U1suiZ2oDVWv4zPO56S0NcR5QriEahGtdN2OR6FiOG4WJvcjBVFB0qI4+eKoWFH483PKGuLuu6V8Z4T5g63UVA=="
    },
    "highlight.js": {
      "version": "11.11.1",
      "resolved": "https://registry.npmjs.org/highlight.js/-/highlight.js-11.11.1.tgz",
      "integrity": "sha512-Xwwo44whKBVCYoliBQwaPvtd/2tYFkRQtXDWj1nackaV2JPXx3L0+Jvd8/qCJ2p+ML0/XVkJ2q+Mr+UVdpJK5w=="
    },
    "js-yaml": {
      "version": "4.1.0",
      "resolved": "https://registry.npmjs.org/js-yaml/-/js-yaml-4.1.0.tgz",
      "integrity": "sha512-wpxZs9NoxZaJESJGIZTyDEaYpl0FKSA+FB9aJiyemKhMwkxQg63h4T1KJgUGHpTqPDNRcmmYLugrRjJlBtWvRA==",
      "requires": {
        "argparse": "^2.0.1"
      }
    },
    "katex": {
      "version": "0.16.25",
      "resolved": "https://registry.npmjs.org/katex/-/katex-0.16.25.tgz",
      "integrity": "sha512-woHRUZ/iF23GBP1dkDQMh1QBad9dmr8/PAwNA54VrSOVYgI12MAcE14TqnDdQOdzyEonGzMepYnqBMYdsoAr8Q==",
      "requires": {
        "commander": "^8.3.0"
      }
    },
    "linkify-it": {
      "version": "5.0.0",
      "resolved": "https://registry.npmjs.org/linkify-it/-/linkify-it-5.0.0.tgz",
      "integrity": "sha512-5aHCbzQRADcdP+ATqnDuhhJ/MRIqDkZX5pyjFHRRysS8vZ5AbqGEoFIb6pYHPZ+L/OC2Lc+xT8uHVVR5CAK/wQ==",
      "requires": {
        "uc.micro": "^2.0.0"
      }
    },
    "lodash.kebabcase": {
      "version": "4.1.1",
      "resolved": "https://registry.npmjs.org/lodash.kebabcase/-/lodash.kebabcase-4.1.1.tgz",
      "integrity": "sha512-N8XRTIMMqqDgSy4VLKPnJ/+hpGZN+PHQiJnSenYqPaVV/NCqEogTnAdZLQiGKhxX+JCs8waWq2t1XHWKOmlY8g=="
    },
    "markdown-it": {
      "version": "14.1.0",
      "resolved": "https://registry.npmjs.org/markdown-it/-/markdown-it-14.1.0.tgz",
      "integrity": "sha512-a54IwgWPaeBCAAsv13YgmALOF1elABB08FxO9i+r4VFk5Vl4pKokRPeX8u5TCgSsPi6ec1otfLjdOpVcgbpshg==",
      "requires": {
        "argparse": "^2.0.1",
        "entities": "^4.4.0",
        "linkify-it": "^5.0.0",
        "mdurl": "^2.0.0",
        "punycode.js": "^2.3.1",
        "uc.micro": "^2.1.0"
      }
    },
    "markdown-it-front-matter": {
      "version": "0.2.4",
      "resolved": "https://registry.npmjs.org/markdown-it-front-matter/-/markdown-it-front-matter-0.2.4.tgz",
      "integrity": "sha512-25GUs0yjS2hLl8zAemVndeEzThB1p42yxuDEKbd4JlL3jiz+jsm6e56Ya8B0VREOkNxLYB4TTwaoPJ3ElMmW+w=="
    },
    "mathjax-full": {
      "version": "3.2.2",
      "resolved": "https://registry.npmjs.org/mathjax-full/-/mathjax-full-3.2.2.tgz",
      "integrity": "sha512-+LfG9Fik+OuI8SLwsiR02IVdjcnRCy5MufYLi0C3TdMT56L/pjB0alMVGgoWJF8pN9Rc7FESycZB9BMNWIid5w==",
      "requires": {
        "esm": "^3.2.25",
        "mhchemparser": "^4.1.0",
        "mj-context-menu": "^0.6.1",
        "speech-rule-engine": "^4.0.6"
      }
    },
    "mdurl": {
      "version": "2.0.0",
      "resolved": "https://registry.npmjs.org/mdurl/-/mdurl-2.0.0.tgz",
      "integrity": "sha512-Lf+9+2r+Tdp5wXDXC4PcIBjTDtq4UKjCPMQhKIuzpJNW0b96kVqSwW0bT7FhRSfmAiFYgP+SCRvdrDozfh0U5w=="
    },
    "mhchemparser": {
      "version": "4.2.1",
      "resolved": "https://registry.npmjs.org/mhchemparser/-/mhchemparser-4.2.1.tgz",
      "integrity": "sha512-kYmyrCirqJf3zZ9t/0wGgRZ4/ZJw//VwaRVGA75C4nhE60vtnIzhl9J9ndkX/h6hxSN7pjg/cE0VxbnNM+bnDQ=="
    },
    "mj-context-menu": {
      "version": "0.6.1",
      "resolved": "https://registry.npmjs.org/mj-context-menu/-/mj-context-menu-0.6.1.tgz",
      "integrity": "sha512-7NO5s6n10TIV96d4g2uDpG7ZDpIhMh0QNfGdJw/W47JswFcosz457wqz/b5sAKvl12sxINGFCn80NZHKwxQEXA=="
    },
    "nanoid": {
      "version": "3.3.11",
      "resolved": "https://registry.npmjs.org/nanoid/-/nanoid-3.3.11.tgz",
      "integrity": "sha512-N8SpfPUnUp1bK+PMYW8qSWdl9U+wwNWI4QKxOYDy9JAro3WMX7p2OeVRF9v+347pnakNevPmiHhNmZ2HbFA76w=="
    },
    "picocolors": {
      "version": "1.1.1",
      "resolved": "https://registry.npmjs.org/picocolors/-/picocolors-1.1.1.tgz",
      "integrity": "sha512-xceH2snhtb5M9liqDsmEw56le376mTZkEX/jEb/RxNFyegNul7eNslCXP9FDj/Lcu0X8KEyMceP2ntpaHrDEVA=="
    },
    "postcss": {
      "version": "8.5.6",
      "resolved": "https://registry.npmjs.org/postcss/-/postcss-8.5.6.tgz",
      "integrity": "sha512-3Ybi1tAuwAP9s0r1UQ2J4n5Y0G05bJkpUIO0/bI9MhwmD70S5aTWbXGBwxHrelT+XM1k6dM0pk+SwNkpTRN7Pg==",
      "requires": {
        "nanoid": "^3.3.11",
        "picocolors": "^1.1.1",
        "source-map-js": "^1.2.1"
      }
    },
    "postcss-nesting": {
      "version": "13.0.2",
      "resolved": "https://registry.npmjs.org/postcss-nesting/-/postcss-nesting-13.0.2.tgz",
      "integrity": "sha512-1YCI290TX+VP0U/K/aFxzHzQWHWURL+CtHMSbex1lCdpXD1SoR2sYuxDu5aNI9lPoXpKTCggFZiDJbwylU0LEQ==",
      "requires": {
        "@csstools/selector-resolve-nested": "^3.1.0",
        "@csstools/selector-specificity": "^5.0.0",
        "postcss-selector-parser": "^7.0.0"
      }
    },
    "postcss-selector-parser": {
      "version": "7.1.0",
      "resolved": "https://registry.npmjs.org/postcss-selector-parser/-/postcss-selector-parser-7.1.0.tgz",
      "integrity": "sha512-8sLjZwK0R+JlxlYcTuVnyT2v+htpdrjDOKuMcOVdYjt52Lh8hWRYpxBPoKx/Zg+bcjc3wx6fmQevMmUztS/ccA==",
      "requires": {
        "cssesc": "^3.0.0",
        "util-deprecate": "^1.0.2"
      }
    },
    "punycode.js": {
      "version": "2.3.1",
      "resolved": "https://registry.npmjs.org/punycode.js/-/punycode.js-2.3.1.tgz",
      "integrity": "sha512-uxFIHU0YlHYhDQtV4R9J6a52SLx28BCjT+4ieh7IGbgwVJWO+km431c4yRlREUAsAmt/uMjQUyQHNEPf0M39CA=="
    },
    "source-map-js": {
      "version": "1.2.1",
      "resolved": "https://registry.npmjs.org/source-map-js/-/source-map-js-1.2.1.tgz",
      "integrity": "sha512-UXWMKhLOwVKb728IUtQPXxfYU+usdybtUrK/8uGE8CQMvrhOpwvzDBwj0QhSL7MQc7vIsISBG8VQ8+IDQxpfQA=="
    },
    "speech-rule-engine": {
      "version": "4.1.2",
      "resolved": "https://registry.npmjs.org/speech-rule-engine/-/speech-rule-engine-4.1.2.tgz",
      "integrity": "sha512-S6ji+flMEga+1QU79NDbwZ8Ivf0S/MpupQQiIC0rTpU/ZTKgcajijJJb1OcByBQDjrXCN1/DJtGz4ZJeBMPGJw==",
      "requires": {
        "@xmldom/xmldom": "0.9.8",
        "commander": "13.1.0",
        "wicked-good-xpath": "1.3.0"
      },
      "dependencies": {
        "commander": {
          "version": "13.1.0",
          "resolved": "https://registry.npmjs.org/commander/-/commander-13.1.0.tgz",
          "integrity": "sha512-/rFeCpNJQbhSZjGVwO9RFV3xPqbnERS8MmIQzCtD/zl6gpJuV/bMLuN92oG3F7d8oDEHHRrujSXNUr8fpjntKw=="
        }
      }
    },
    "uc.micro": {
      "version": "2.1.0",
      "resolved": "https://registry.npmjs.org/uc.micro/-/uc.micro-2.1.0.tgz",
      "integrity": "sha512-ARDJmphmdvUk6Glw7y9DQ2bFkKBHwQHLi2lsaH6PPmz/Ka9sFOBsBluozhDltWmnv9u/cF6Rt87znRTPV+yp/A=="
    },
    "util-deprecate": {
      "version": "1.0.2",
      "resolved": "https://registry.npmjs.org/util-deprecate/-/util-deprecate-1.0.2.tgz",
      "integrity": "sha512-EPD5q1uXyFxJpCrLnCc1nHnq3gOa6DZBocAIiI2TaSCA7VCJ1UJDMagCzIkXNsUYfD1daK//LTEQ8xiIbrHtcw=="
    },
    "wicked-good-xpath": {
      "version": "1.3.0",
      "resolved": "https://registry.npmjs.org/wicked-good-xpath/-/wicked-good-xpath-1.3.0.tgz",
      "integrity": "sha512-Gd9+TUn5nXdwj/hFsPVx5cuHHiF5Bwuc30jZ4+ronF1qHK5O7HD0sgmXWSEgwKquT3ClLoKPVbO6qGwVwLzvAw=="
    },
    "xss": {
      "version": "1.0.15",
      "resolved": "https://registry.npmjs.org/xss/-/xss-1.0.15.tgz",
      "integrity": "sha512-FVdlVVC67WOIPvfOwhoMETV72f6GbW7aOabBC3WxN/oUdoEMDyLz4OgRv5/gck2ZeNqEQu+Tb0kloovXOfpYVg==",
      "requires": {
        "commander": "^2.20.3",
        "cssfilter": "0.0.10"
      },
      "dependencies": {
        "commander": {
          "version": "2.20.3",
          "resolved": "https://registry.npmjs.org/commander/-/commander-2.20.3.tgz",
          "integrity": "sha512-GpVkmM8vF2vQUkj2LvZmD35JxeJOLCwJ9cUkugyk2nuhbv3+mJvpLYYt+0+USMxE+oj+ey/lJEnhZw75x/OMcQ=="
        }
      }
    }
  }
}
