{
  "name": "dependabot_20250803-1659-h8k8r9",
  "lockfileVersion": 3,
  "requires": true,
  "packages": {
    "": {
      "dependencies": {
        "minecraft-protocol": "^1.25.0",
        "prismarine-block": "^1.9.0",
        "prismarine-chunk": "^1.22.0",
        "vec3": "^0.1.7"
      }
    },
    "node_modules/@azure/msal-node": {
      "version": "1.14.6",
      "resolved": "https://registry.npmjs.org/@azure/msal-node/-/msal-node-1.14.6.tgz",
      "integrity": "sha512-em/qqFL5tLMxMPl9vormAs13OgZpmQoJbiQ/GlWr+BA77eCLoL+Ehr5xRHowYo+LFe5b+p+PJVkRvT+mLvOkwA==",
      "deprecated": "A newer major version of this library is available. Please upgrade to the latest available version.",
      "dependencies": {
        "@azure/msal-common": "^9.0.2",
        "jsonwebtoken": "^9.0.0",
        "uuid": "^8.3.0"
      },
      "engines": {
        "node": "10 || 12 || 14 || 16 || 18"
      }
    },
    "node_modules/@azure/msal-node/node_modules/@azure/msal-common": {
      "version": "9.0.2",
      "resolved": "https://registry.npmjs.org/@azure/msal-common/-/msal-common-9.0.2.tgz",
      "integrity": "sha512-qzwxuF8kZAp+rNUactMCgJh8fblq9D4lSqrrIxMDzLjgSZtjN32ix7r/HBe8QdOr76II9SVVPcMkX4sPzPfQ7w==",
      "engines": {
        "node": ">=0.8.0"
      }
    },
    "node_modules/@azure/msal-node/node_modules/jsonwebtoken": {
      "version": "9.0.0",
      "resolved": "https://registry.npmjs.org/jsonwebtoken/-/jsonwebtoken-9.0.0.tgz",
      "integrity": "sha512-tuGfYXxkQGDPnLJ7SibiQgVgeDgfbPq2k2ICcbgqW8WxWLBAxKQM/ZCu/IT8SOSwmaYl4dpTFCW5xZv7YbbWUw==",
      "dependencies": {
        "jws": "^3.2.2",
        "lodash": "^4.17.21",
        "ms": "^2.1.1",
        "semver": "^7.3.8"
      },
      "engines": {
        "node": ">=12",
        "npm": ">=6"
      }
    },
    "node_modules/@xboxreplay/errors": {
      "version": "0.1.0",
      "resolved": "https://registry.npmjs.org/@xboxreplay/errors/-/errors-0.1.0.tgz",
      "integrity": "sha512-Tgz1d/OIPDWPeyOvuL5+aai5VCcqObhPnlI3skQuf80GVF3k1I0lPCnGC+8Cm5PV9aLBT5m8qPcJoIUQ2U4y9g=="
    },
    "node_modules/@xboxreplay/xboxlive-auth": {
      "version": "3.3.3",
      "resolved": "https://registry.npmjs.org/@xboxreplay/xboxlive-auth/-/xboxlive-auth-3.3.3.tgz",
      "integrity": "sha512-j0AU8pW10LM8O68CTZ5QHnvOjSsnPICy0oQcP7zyM7eWkDQ/InkiQiirQKsPn1XRYDl4ccNu0WM582s3UKwcBg==",
      "dependencies": {
        "@xboxreplay/errors": "^0.1.0",
        "axios": "^0.21.1"
      }
    },
    "node_modules/aes-js": {
      "version": "3.1.2",
      "resolved": "https://registry.npmjs.org/aes-js/-/aes-js-3.1.2.tgz",
      "integrity": "sha512-e5pEa2kBnBOgR4Y/p20pskXI74UEz7de8ZGVo58asOtvSVG5YAbJeELPZxOmt+Bnz3rX753YKhfIn4X4l1PPRQ=="
    },
    "node_modules/ajv": {
      "version": "6.12.6",
      "resolved": "https://registry.npmjs.org/ajv/-/ajv-6.12.6.tgz",
      "integrity": "sha512-j3fVLgvTo527anyYyJOGTYJbG+vnnQYvE0m5mmkc1TK+nxAppkCLMIL0aZ4dblVCNoGShhm+kzE4ZUykBoMg4g==",
      "dependencies": {
        "fast-deep-equal": "^3.1.1",
        "fast-json-stable-stringify": "^2.0.0",
        "json-schema-traverse": "^0.4.1",
        "uri-js": "^4.2.2"
      },
      "funding": {
        "type": "github",
        "url": "https://github.com/sponsors/epoberezkin"
      }
    },
    "node_modules/asn1": {
      "version": "0.2.3",
      "resolved": "https://registry.npmjs.org/asn1/-/asn1-0.2.3.tgz",
      "integrity": "sha1-2sh4dxPJlmhJ/IGAd36+nB3fO4Y="
    },
    "node_modules/axios": {
      "version": "0.21.4",
      "resolved": "https://registry.npmjs.org/axios/-/axios-0.21.4.tgz",
      "integrity": "sha512-ut5vewkiu8jjGBdqpM44XxjuCjq9LAKeHVmoVfHVzy8eHgxxq8SbAVQNovDA8mVi05kP0Ea/n/UzcSHcTJQfNg==",
      "dependencies": {
        "follow-redirects": "^1.14.0"
      }
    },
    "node_modules/buffer-equal": {
      "version": "1.0.0",
      "resolved": "https://registry.npmjs.org/buffer-equal/-/buffer-equal-1.0.0.tgz",
      "integrity": "sha1-WWFrSYME1Var1GaWayLu2j7KX74=",
      "engines": {
        "node": ">=0.4.0"
      }
    },
    "node_modules/buffer-equal-constant-time": {
      "version": "1.0.1",
      "resolved": "https://registry.npmjs.org/buffer-equal-constant-time/-/buffer-equal-constant-time-1.0.1.tgz",
      "integrity": "sha1-+OcRMvf/5uAaXJaXpMbz5I1cyBk="
    },
    "node_modules/commander": {
      "version": "2.20.3",
      "resolved": "https://registry.npmjs.org/commander/-/commander-2.20.3.tgz",
      "integrity": "sha512-GpVkmM8vF2vQUkj2LvZmD35JxeJOLCwJ9cUkugyk2nuhbv3+mJvpLYYt+0+USMxE+oj+ey/lJEnhZw75x/OMcQ=="
    },
    "node_modules/debug": {
      "version": "4.3.1",
      "resolved": "https://registry.npmjs.org/debug/-/debug-4.3.1.tgz",
      "integrity": "sha512-doEwdvm4PCeK4K3RQN2ZC2BYUBaxwLARCqZmMjtF8a51J2Rb0xpVloFRnCODwqjpwnAoao4pelN8l3RJdv3gRQ==",
      "dependencies": {
        "ms": "2.1.2"
      },
      "engines": {
        "node": ">=6.0"
      },
      "peerDependenciesMeta": {
        "supports-color": {
          "optional": true
        }
      }
    },
    "node_modules/discontinuous-range": {
      "version": "1.0.0",
      "resolved": "https://registry.npmjs.org/discontinuous-range/-/discontinuous-range-1.0.0.tgz",
      "integrity": "sha1-44Mx8IRLukm5qctxx3FYWqsbxlo="
    },
    "node_modules/ecdsa-sig-formatter": {
      "version": "1.0.11",
      "resolved": "https://registry.npmjs.org/ecdsa-sig-formatter/-/ecdsa-sig-formatter-1.0.11.tgz",
      "integrity": "sha512-nagl3RYrbNv6kQkeJIpt6NJZy8twLB/2vtz6yN9Z4vRKHN4/QZJIEbqohALSgwKdnksuY3k5Addp5lg8sVoVcQ==",
      "dependencies": {
        "safe-buffer": "^5.0.1"
      }
    },
    "node_modules/endian-toggle": {
      "version": "0.0.0",
      "resolved": "https://registry.npmjs.org/endian-toggle/-/endian-toggle-0.0.0.tgz",
      "integrity": "sha1-5cx1eLEDLW7gHq/Nc3ZdsNtNwKY="
    },
    "node_modules/fast-deep-equal": {
      "version": "3.1.3",
      "resolved": "https://registry.npmjs.org/fast-deep-equal/-/fast-deep-equal-3.1.3.tgz",
      "integrity": "sha512-f3qQ9oQy9j2AhBe/H9VC91wLmKBCCU/gDOnKNAYG5hswO7BLKj09Hc5HYNz9cGI++xlpDCIgDaitVs03ATR84Q=="
    },
    "node_modules/fast-json-stable-stringify": {
      "version": "2.1.0",
      "resolved": "https://registry.npmjs.org/fast-json-stable-stringify/-/fast-json-stable-stringify-2.1.0.tgz",
      "integrity": "sha512-lhd/wF+Lk98HZoTCtlVraHtfh5XYijIjalXck7saUtuanSDyLMxnHhSXEDJqHxD7msR8D0uCmqlkwjCV8xvwHw=="
    },
    "node_modules/follow-redirects": {
      "version": "1.14.8",
      "resolved": "https://registry.npmjs.org/follow-redirects/-/follow-redirects-1.14.8.tgz",
      "integrity": "sha512-1x0S9UVJHsQprFcEC/qnNzBLcIxsjAV905f/UkQxbclCsoTWlacCNOpQa/anodLl2uaEKFhfWOvM2Qg77+15zA==",
      "funding": [
        {
          "type": "individual",
          "url": "https://github.com/sponsors/RubenVerborgh"
        }
      ],
      "engines": {
        "node": ">=4.0"
      },
      "peerDependenciesMeta": {
        "debug": {
          "optional": true
        }
      }
    },
    "node_modules/inherits": {
      "version": "2.0.4",
      "resolved": "https://registry.npmjs.org/inherits/-/inherits-2.0.4.tgz",
      "integrity": "sha512-k/vGaX4/Yla3WzyMCvTQOXYeIHvqOKtnqBduzTHpzpQZzAskKMhZ2K+EnBiSM9zGSoIFeMpXKxa4dYeZIQqewQ=="
    },
    "node_modules/json-schema-traverse": {
      "version": "0.4.1",
      "resolved": "https://registry.npmjs.org/json-schema-traverse/-/json-schema-traverse-0.4.1.tgz",
      "integrity": "sha512-xbbCH5dCYU5T8LcEhhuh7HJ88HXuW3qsI3Y0zOZFKfZEHcpWiHU/Jxzk629Brsab/mMiHQti9wMP+845RPe3Vg=="
    },
    "node_modules/jwa": {
      "version": "1.4.1",
      "resolved": "https://registry.npmjs.org/jwa/-/jwa-1.4.1.tgz",
      "integrity": "sha512-qiLX/xhEEFKUAJ6FiBMbes3w9ATzyk5W7Hvzpa/SLYdxNtng+gcurvrI7TbACjIXlsJyr05/S1oUhZrc63evQA==",
      "dependencies": {
        "buffer-equal-constant-time": "1.0.1",
        "ecdsa-sig-formatter": "1.0.11",
        "safe-buffer": "^5.0.1"
      }
    },
    "node_modules/jws": {
      "version": "3.2.2",
      "resolved": "https://registry.npmjs.org/jws/-/jws-3.2.2.tgz",
      "integrity": "sha512-YHlZCB6lMTllWDtSPHz/ZXTsi8S00usEV6v1tjq8tOUZzw7DpSDWVXjXDre6ed1w/pd495ODpHZYSdkRTsa0HA==",
      "dependencies": {
        "jwa": "^1.4.1",
        "safe-buffer": "^5.0.1"
      }
    },
    "node_modules/lodash": {
      "version": "4.17.21",
      "resolved": "https://registry.npmjs.org/lodash/-/lodash-4.17.21.tgz",
      "integrity": "sha512-v2kDEe57lecTulaDIuNTPy3Ry4gLGJ6Z1O3vE1krgXZNrsQ+LFTGHVxVjcXPs17LhbZVGedAJv8XZ1tvj5FvSg=="
    },
    "node_modules/lodash.get": {
      "version": "4.4.2",
      "resolved": "https://registry.npmjs.org/lodash.get/-/lodash.get-4.4.2.tgz",
      "integrity": "sha1-LRd/ZS+jHpObRDjVNBSZ36OCXpk=",
      "deprecated": "This package is deprecated. Use the optional chaining (?.) operator instead."
    },
    "node_modules/lodash.merge": {
      "version": "4.6.2",
      "resolved": "https://registry.npmjs.org/lodash.merge/-/lodash.merge-4.6.2.tgz",
      "integrity": "sha512-0KpjqXRVvrYyCsX1swR/XTK0va6VQkQM6MNo7PqW77ByjAhoARA8EfrP1N4+KlKj8YS0ZUCtRT/YUuhyYDujIQ=="
    },
    "node_modules/lodash.reduce": {
      "version": "4.6.0",
      "resolved": "https://registry.npmjs.org/lodash.reduce/-/lodash.reduce-4.6.0.tgz",
      "integrity": "sha1-8atrg5KZrUj3hKu/R2WW8DuRTTs="
    },
    "node_modules/macaddress": {
      "version": "0.5.2",
      "resolved": "https://registry.npmjs.org/macaddress/-/macaddress-0.5.2.tgz",
      "integrity": "sha512-cYYBbT3b84hTEHssWE6OmsuqF/NiLXE2RGK9Sc9SwwE9kMoKrbaUAJtKs6ucd0FFgZjXE1Wm3hoGEEYas0N6EA=="
    },
    "node_modules/minecraft-data": {
      "version": "2.84.0",
      "resolved": "https://registry.npmjs.org/minecraft-data/-/minecraft-data-2.84.0.tgz",
      "integrity": "sha512-3l8wZ62xlxclAG76r+ZUca/EfFBHeHI1o0z2Jc3Eu2DPF8lMgsAjOAWx9dVRK/s268XYOeoLdddvs0usJdeslg=="
    },
    "node_modules/minecraft-folder-path": {
      "version": "1.2.0",
      "resolved": "https://registry.npmjs.org/minecraft-folder-path/-/minecraft-folder-path-1.2.0.tgz",
      "integrity": "sha512-qaUSbKWoOsH9brn0JQuBhxNAzTDMwrOXorwuRxdJKKKDYvZhtml+6GVCUrY5HRiEsieBEjCUnhVpDuQiKsiFaw=="
    },
    "node_modules/minecraft-protocol": {
      "version": "1.25.0",
      "resolved": "https://registry.npmjs.org/minecraft-protocol/-/minecraft-protocol-1.25.0.tgz",
      "integrity": "sha512-xAyjw03t/sKv7xBk4AxZnLMv5G/cJuXExAMtpK1lxZ5ILHfJObtz9m12tc1eiR7nXkoBgyUQptTZX81OWXyFtQ==",
      "dependencies": {
        "@azure/msal-node": "^1.0.0-beta.3",
        "@xboxreplay/xboxlive-auth": "^3.3.3",
        "aes-js": "^3.1.2",
        "buffer-equal": "^1.0.0",
        "debug": "^4.1.0",
        "endian-toggle": "^0.0.0",
        "lodash.get": "^4.1.2",
        "lodash.merge": "^4.3.0",
        "minecraft-data": "^2.70.0",
        "minecraft-folder-path": "^1.1.0",
        "node-fetch": "^2.6.1",
        "node-rsa": "^0.4.2",
        "prismarine-nbt": "^1.3.0",
        "protodef": "^1.8.0",
        "readable-stream": "^3.0.6",
        "uuid-1345": "^1.0.1",
        "yggdrasil": "^1.4.0"
      },
      "engines": {
        "node": ">=6"
      }
    },
    "node_modules/mojangson": {
      "version": "2.0.2",
      "resolved": "https://registry.npmjs.org/mojangson/-/mojangson-2.0.2.tgz",
      "integrity": "sha512-iGPRE1Ez+W+42Dt4Ao91c9VVs+FmuRUlAFDef76xRX3mbZrTNuezDtFI0PbfYqheg/B0fSiq0Q0V1emZNt37cw==",
      "dependencies": {
        "nearley": "^2.19.5"
      }
    },
    "node_modules/moo": {
      "version": "0.5.1",
      "resolved": "https://registry.npmjs.org/moo/-/moo-0.5.1.tgz",
      "integrity": "sha512-I1mnb5xn4fO80BH9BLcF0yLypy2UKl+Cb01Fu0hJRkJjlCRtxZMWkTdAtDd5ZqCOxtCkhmRwyI57vWT+1iZ67w=="
    },
    "node_modules/ms": {
      "version": "2.1.2",
      "resolved": "https://registry.npmjs.org/ms/-/ms-2.1.2.tgz",
      "integrity": "sha512-sGkPx+VjMtmA6MX27oA4FBFELFCZZ4S4XqeGOXCv68tT+jb3vk/RyaKWP0PTKyWtmLSM0b+adUTEvbs1PEaH2w=="
    },
    "node_modules/nearley": {
      "version": "2.20.1",
      "resolved": "https://registry.npmjs.org/nearley/-/nearley-2.20.1.tgz",
      "integrity": "sha512-+Mc8UaAebFzgV+KpI5n7DasuuQCHA89dmwm7JXw3TV43ukfNQ9DnBH3Mdb2g/I4Fdxc26pwimBWvjIw0UAILSQ==",
      "dependencies": {
        "commander": "^2.19.0",
        "moo": "^0.5.0",
        "railroad-diagrams": "^1.0.0",
        "randexp": "0.4.6"
      },
      "bin": {
        "nearley-railroad": "bin/nearley-railroad.js",
        "nearley-test": "bin/nearley-test.js",
        "nearley-unparse": "bin/nearley-unparse.js",
        "nearleyc": "bin/nearleyc.js"
      },
      "funding": {
        "type": "individual",
        "url": "https://nearley.js.org/#give-to-nearley"
      }
    },
    "node_modules/node-fetch": {
      "version": "2.6.7",
      "resolved": "https://registry.npmjs.org/node-fetch/-/node-fetch-2.6.7.tgz",
      "integrity": "sha512-ZjMPFEfVx5j+y2yF35Kzx5sF7kDzxuDj6ziH4FFbOp87zKDZNx8yExJIb05OGF4Nlt9IHFIMBkRl41VdvcNdbQ==",
      "dependencies": {
        "whatwg-url": "^5.0.0"
      },
      "engines": {
        "node": "4.x || >=6.0.0"
      },
      "peerDependencies": {
        "encoding": "^0.1.0"
      },
      "peerDependenciesMeta": {
        "encoding": {
          "optional": true
        }
      }
    },
    "node_modules/node-rsa": {
      "version": "0.4.2",
      "resolved": "https://registry.npmjs.org/node-rsa/-/node-rsa-0.4.2.tgz",
      "integrity": "sha1-1jkXKewWqDDtWjgEKzFX0tXXJTA=",
      "dependencies": {
        "asn1": "0.2.3"
      }
    },
    "node_modules/prismarine-biome": {
      "version": "1.2.0",
      "resolved": "https://registry.npmjs.org/prismarine-biome/-/prismarine-biome-1.2.0.tgz",
      "integrity": "sha512-sMeK4HkZkqTWy5kx0qvzvNPz/MmR/V2G9ouhnCjgm2pvckW9QqlyO/H+7RIjdn+jDBlHRteLKKTls76udXsR1A==",
      "peerDependencies": {
        "minecraft-data": "^2.0.0",
        "prismarine-registry": "^1.1.0"
      }
    },
    "node_modules/prismarine-block": {
      "version": "1.13.1",
      "resolved": "https://registry.npmjs.org/prismarine-block/-/prismarine-block-1.13.1.tgz",
      "integrity": "sha512-V0J03UG4wK7G7idXsFqt84DvQ90sPZQLi64T3ZmOXmRcjjIVahiAUzqfmeO7S8GJ/3NQCJ9b9cRzGNRtl/3a5A==",
      "dependencies": {
        "prismarine-biome": "^1.1.0",
        "prismarine-chat": "^1.5.0",
        "prismarine-item": "^1.10.1",
        "prismarine-nbt": "^2.0.0",
        "prismarine-registry": "^1.1.0"
      },
      "peerDependencies": {
        "minecraft-data": "^2.62.1"
      }
    },
    "node_modules/prismarine-block/node_modules/prismarine-nbt": {
      "version": "2.2.0",
      "resolved": "https://registry.npmjs.org/prismarine-nbt/-/prismarine-nbt-2.2.0.tgz",
      "integrity": "sha512-6UgW9gkurSs2+L6el6bVHvK5BmfAdMv9ixY+zn4GSaTSOzuWumspErpStxo9RbeixmVq66dd0OQu1tHYXVkX8g==",
      "dependencies": {
        "protodef": "^1.9.0"
      }
    },
    "node_modules/prismarine-chat": {
      "version": "1.6.0",
      "resolved": "https://registry.npmjs.org/prismarine-chat/-/prismarine-chat-1.6.0.tgz",
      "integrity": "sha512-vgA0Iq2G4/GE4VNvtvQL/3XCHzCXi8rCb4WWyM2DR4q/7vg+4G93ZtKxphy7wlgPbB3qzQLneZz99O67TkZahA==",
      "dependencies": {
        "minecraft-data": "^2.62.1",
        "mojangson": "^2.0.1",
        "prismarine-item": "^1.10.0",
        "prismarine-nbt": "^2.0.0",
        "sprintf-js": "^1.1.2"
      }
    },
    "node_modules/prismarine-chat/node_modules/prismarine-nbt": {
      "version": "2.2.0",
      "resolved": "https://registry.npmjs.org/prismarine-nbt/-/prismarine-nbt-2.2.0.tgz",
      "integrity": "sha512-6UgW9gkurSs2+L6el6bVHvK5BmfAdMv9ixY+zn4GSaTSOzuWumspErpStxo9RbeixmVq66dd0OQu1tHYXVkX8g==",
      "dependencies": {
        "protodef": "^1.9.0"
      }
    },
    "node_modules/prismarine-chunk": {
      "version": "1.29.0",
      "resolved": "https://registry.npmjs.org/prismarine-chunk/-/prismarine-chunk-1.29.0.tgz",
      "integrity": "sha512-dTC5j9ixp8JjI0acOe1tGXE19GVm5dAX7qsvfbLueFNPmW2BNVzIzsgVjnfwGqSymr4dG/BIG83xek3+r6sbYQ==",
      "dependencies": {
        "minecraft-data": "^2.61.0",
        "prismarine-block": "^1.13.1",
        "prismarine-registry": "^1.1.0",
        "smart-buffer": "^4.1.0",
        "uint4": "^0.1.2",
        "vec3": "^0.1.3"
      },
      "engines": {
        "node": ">=14"
      }
    },
    "node_modules/prismarine-item": {
      "version": "1.11.2",
      "resolved": "https://registry.npmjs.org/prismarine-item/-/prismarine-item-1.11.2.tgz",
      "integrity": "sha512-OMkI/4g4N+Z0+63MIVbnxRZOjjyGs9E0KZ/v5UQZ0M6ZsxTGLHl2IqQAxVr59GrM4DsB8S+2Cp3A7t3EKZ1asQ==",
      "dependencies": {
        "prismarine-nbt": "^2.0.0"
      },
      "peerDependencies": {
        "minecraft-data": "^2.79.0"
      }
    },
    "node_modules/prismarine-item/node_modules/prismarine-nbt": {
      "version": "2.2.0",
      "resolved": "https://registry.npmjs.org/prismarine-nbt/-/prismarine-nbt-2.2.0.tgz",
      "integrity": "sha512-6UgW9gkurSs2+L6el6bVHvK5BmfAdMv9ixY+zn4GSaTSOzuWumspErpStxo9RbeixmVq66dd0OQu1tHYXVkX8g==",
      "dependencies": {
        "protodef": "^1.9.0"
      }
    },
    "node_modules/prismarine-nbt": {
      "version": "1.5.0",
      "resolved": "https://registry.npmjs.org/prismarine-nbt/-/prismarine-nbt-1.5.0.tgz",
      "integrity": "sha512-8vs0MV94kl6I2YUFE5IG4vOBYEw8nG0J0WaoLV6zP1smle5o6haeHqobn07vmcHJZ8iUz2f8oq6T3Y71DHvYpA==",
      "dependencies": {
        "protodef": "^1.9.0"
      }
    },
    "node_modules/prismarine-registry": {
      "version": "1.1.0",
      "resolved": "https://registry.npmjs.org/prismarine-registry/-/prismarine-registry-1.1.0.tgz",
      "integrity": "sha512-zCI4LRRGATsqz2KQ6JKbgWMCTAsYcSDq/GuUQohS5XVW223byzZNHqwsqZLBScAvLnvWmfhe/Ok/UgJcrXxfRw==",
      "dependencies": {
        "minecraft-data": "^2.106.0",
        "prismarine-nbt": "^2.0.0"
      }
    },
    "node_modules/prismarine-registry/node_modules/minecraft-data": {
      "version": "2.113.0",
      "resolved": "https://registry.npmjs.org/minecraft-data/-/minecraft-data-2.113.0.tgz",
      "integrity": "sha512-KvFyHOalKVBXYkzvzin7Li0hP1VaLrAJ3z+LipTVjZlda1HZ1Moa8rHfeNQk9ZwdgGnJdPqCL/mPlGYQlHRD2g=="
    },
    "node_modules/prismarine-registry/node_modules/prismarine-nbt": {
      "version": "2.2.0",
      "resolved": "https://registry.npmjs.org/prismarine-nbt/-/prismarine-nbt-2.2.0.tgz",
      "integrity": "sha512-6UgW9gkurSs2+L6el6bVHvK5BmfAdMv9ixY+zn4GSaTSOzuWumspErpStxo9RbeixmVq66dd0OQu1tHYXVkX8g==",
      "dependencies": {
        "protodef": "^1.9.0"
      }
    },
    "node_modules/protodef": {
      "version": "1.13.0",
      "resolved": "https://registry.npmjs.org/protodef/-/protodef-1.13.0.tgz",
      "integrity": "sha512-N/4Kaha1dPx0qXq99NUiPkreoZ4+ffJAuWLLtGjrZqDVJkwCsRlC+3SWx6gGDEdkdA2pX97ogp3aKO91rzU68Q==",
      "dependencies": {
        "lodash.get": "^4.4.2",
        "lodash.reduce": "^4.6.0",
        "protodef-validator": "^1.2.2",
        "readable-stream": "^3.0.3"
      },
      "engines": {
        "node": ">=14"
      }
    },
    "node_modules/protodef-validator": {
      "version": "1.2.3",
      "resolved": "https://registry.npmjs.org/protodef-validator/-/protodef-validator-1.2.3.tgz",
      "integrity": "sha512-dMcSMYRh8s0z0iQN0PLVlXwJOgN8cgBuM1uWzhMjkLdpKCOASwp+h7wHnTigBTRVhGLywykcb3EKiGSsXX4vvA==",
      "dependencies": {
        "ajv": "^6.5.4"
      },
      "bin": {
        "protodef-validator": "cli.js"
      }
    },
    "node_modules/punycode": {
      "version": "2.1.1",
      "resolved": "https://registry.npmjs.org/punycode/-/punycode-2.1.1.tgz",
      "integrity": "sha512-XRsRjdf+j5ml+y/6GKHPZbrF/8p2Yga0JPtdqTIY2Xe5ohJPD9saDJJLPvp9+NSBprVvevdXZybnj2cv8OEd0A==",
      "engines": {
        "node": ">=6"
      }
    },
    "node_modules/railroad-diagrams": {
      "version": "1.0.0",
      "resolved": "https://registry.npmjs.org/railroad-diagrams/-/railroad-diagrams-1.0.0.tgz",
      "integrity": "sha1-635iZ1SN3t+4mcG5Dlc3RVnN234="
    },
    "node_modules/randexp": {
      "version": "0.4.6",
      "resolved": "https://registry.npmjs.org/randexp/-/randexp-0.4.6.tgz",
      "integrity": "sha512-80WNmd9DA0tmZrw9qQa62GPPWfuXJknrmVmLcxvq4uZBdYqb1wYoKTmnlGUchvVWe0XiLupYkBoXVOxz3C8DYQ==",
      "dependencies": {
        "discontinuous-range": "1.0.0",
        "ret": "~0.1.10"
      },
      "engines": {
        "node": ">=0.12"
      }
    },
    "node_modules/readable-stream": {
      "version": "3.6.0",
      "resolved": "https://registry.npmjs.org/readable-stream/-/readable-stream-3.6.0.tgz",
      "integrity": "sha512-BViHy7LKeTz4oNnkcLJ+lVSL6vpiFeX6/d3oSH8zCW7UxP2onchk+vTGB143xuFjHS3deTgkKoXXymXqymiIdA==",
      "dependencies": {
        "inherits": "^2.0.3",
        "string_decoder": "^1.1.1",
        "util-deprecate": "^1.0.1"
      },
      "engines": {
        "node": ">= 6"
      }
    },
    "node_modules/ret": {
      "version": "0.1.15",
      "resolved": "https://registry.npmjs.org/ret/-/ret-0.1.15.tgz",
      "integrity": "sha512-TTlYpa+OL+vMMNG24xSlQGEJ3B/RzEfUlLct7b5G/ytav+wPrplCpVMFuwzXbkecJrb6IYo1iFb0S9v37754mg==",
      "engines": {
        "node": ">=0.12"
      }
    },
    "node_modules/safe-buffer": {
      "version": "5.2.1",
      "resolved": "https://registry.npmjs.org/safe-buffer/-/safe-buffer-5.2.1.tgz",
      "integrity": "sha512-rp3So07KcdmmKbGvgaNxQSJr7bGVSVk5S9Eq1F+ppbRo70+YeaDxkw5Dd8NPN+GD6bjnYm2VuPuCXmpuYvmCXQ==",
      "funding": [
        {
          "type": "github",
          "url": "https://github.com/sponsors/feross"
        },
        {
          "type": "patreon",
          "url": "https://www.patreon.com/feross"
        },
        {
          "type": "consulting",
          "url": "https://feross.org/support"
        }
      ]
    },
    "node_modules/semver": {
      "version": "7.7.2",
      "resolved": "https://registry.npmjs.org/semver/-/semver-7.7.2.tgz",
      "integrity": "sha512-RF0Fw+rO5AMf9MAyaRXI4AV0Ulj5lMHqVxxdSgiVbixSCXoEmmX/jk0CuJw4+3SqroYO9VoUh+HcuJivvtJemA==",
      "license": "ISC",
      "bin": {
        "semver": "bin/semver.js"
      },
      "engines": {
        "node": ">=10"
      }
    },
    "node_modules/smart-buffer": {
      "version": "4.2.0",
      "resolved": "https://registry.npmjs.org/smart-buffer/-/smart-buffer-4.2.0.tgz",
      "integrity": "sha512-94hK0Hh8rPqQl2xXc3HsaBoOXKV20MToPkcXvwbISWLEs+64sBq5kFgn2kJDHb1Pry9yrP0dxrCI9RRci7RXKg==",
      "engines": {
        "node": ">= 6.0.0",
        "npm": ">= 3.0.0"
      }
    },
    "node_modules/sprintf-js": {
      "version": "1.1.2",
      "resolved": "https://registry.npmjs.org/sprintf-js/-/sprintf-js-1.1.2.tgz",
      "integrity": "sha512-VE0SOVEHCk7Qc8ulkWw3ntAzXuqf7S2lvwQaDLRnUeIEaKNQJzV6BwmLKhOqT61aGhfUMrXeaBk+oDGCzvhcug=="
    },
    "node_modules/string_decoder": {
      "version": "1.3.0",
      "resolved": "https://registry.npmjs.org/string_decoder/-/string_decoder-1.3.0.tgz",
      "integrity": "sha512-hkRX8U1WjJFd8LsDJ2yQ/wWWxaopEsABU1XfkM8A+j0+85JAGppt16cr1Whg6KIbb4okU6Mql6BOj+uup/wKeA==",
      "dependencies": {
        "safe-buffer": "~5.2.0"
      }
    },
    "node_modules/tr46": {
      "version": "0.0.3",
      "resolved": "https://registry.npmjs.org/tr46/-/tr46-0.0.3.tgz",
      "integrity": "sha1-gYT9NH2snNwYWZLzpmIuFLnZq2o="
    },
    "node_modules/uint4": {
      "version": "0.1.2",
      "resolved": "https://registry.npmjs.org/uint4/-/uint4-0.1.2.tgz",
      "integrity": "sha1-UMWuBLhdKBKPLfPMDsxNQavC9oE="
    },
    "node_modules/uri-js": {
      "version": "4.4.1",
      "resolved": "https://registry.npmjs.org/uri-js/-/uri-js-4.4.1.tgz",
      "integrity": "sha512-7rKUyy33Q1yc98pQ1DAmLtwX109F7TIfWlW1Ydo8Wl1ii1SeHieeh0HHfPeL2fMXK6z0s8ecKs9frCuLJvndBg==",
      "dependencies": {
        "punycode": "^2.1.0"
      }
    },
    "node_modules/util-deprecate": {
      "version": "1.0.2",
      "resolved": "https://registry.npmjs.org/util-deprecate/-/util-deprecate-1.0.2.tgz",
      "integrity": "sha1-RQ1Nyfpw3nMnYvvS1KKJgUGaDM8="
    },
    "node_modules/uuid": {
      "version": "8.3.2",
      "resolved": "https://registry.npmjs.org/uuid/-/uuid-8.3.2.tgz",
      "integrity": "sha512-+NYs2QeMWy+GWFOEm9xnn6HCDp0l7QBD7ml8zLUmJ+93Q5NF0NocErnwkTkXVFNiX3/fpC6afS8Dhb/gz7R7eg==",
      "bin": {
        "uuid": "dist/bin/uuid"
      }
    },
    "node_modules/uuid-1345": {
      "version": "1.0.2",
      "resolved": "https://registry.npmjs.org/uuid-1345/-/uuid-1345-1.0.2.tgz",
      "integrity": "sha512-bA5zYZui+3nwAc0s3VdGQGBfbVsJLVX7Np7ch2aqcEWFi5lsAEcmO3+lx3djM1npgpZI8KY2FITZ2uYTnYUYyw==",
      "dependencies": {
        "macaddress": "^0.5.1"
      }
    },
    "node_modules/vec3": {
      "version": "0.1.7",
      "resolved": "https://registry.npmjs.org/vec3/-/vec3-0.1.7.tgz",
      "integrity": "sha512-EZSeXBL+L3go2wWwtQQse4fEcNGIQjT14qvi4LYVj1ifZt/J5XZ1QZqkDuOVVH07YwTEIFbsAv3pzwUpF7x9Wg=="
    },
    "node_modules/webidl-conversions": {
      "version": "3.0.1",
      "resolved": "https://registry.npmjs.org/webidl-conversions/-/webidl-conversions-3.0.1.tgz",
      "integrity": "sha1-JFNCdeKnvGvnvIZhHMFq4KVlSHE="
    },
    "node_modules/whatwg-url": {
      "version": "5.0.0",
      "resolved": "https://registry.npmjs.org/whatwg-url/-/whatwg-url-5.0.0.tgz",
      "integrity": "sha1-lmRU6HZUYuN2RNNib2dCzotwll0=",
      "dependencies": {
        "tr46": "~0.0.3",
        "webidl-conversions": "^3.0.0"
      }
    },
    "node_modules/yggdrasil": {
      "version": "1.6.0",
      "resolved": "https://registry.npmjs.org/yggdrasil/-/yggdrasil-1.6.0.tgz",
      "integrity": "sha512-cV/NoXlHModwS+Bp1H1z7HA+tVwSJ3f91y8udULx9VqVAFYcyHElbLSla8xfy8PKmyMGKJnN2q04MvbQEwOwqw==",
      "dependencies": {
        "node-fetch": "^2.6.1",
        "uuid": "^8.2.0"
      }
    }
  }
}
