{
  "name": "transcribe",
  "version": "1.0.0",
  "lockfileVersion": 2,
  "requires": true,
  "packages": {
    "": {
      "name": "transcribe",
      "version": "1.0.0",
      "license": "ISC",
      "dependencies": {
        "dotenv": "^17.2.3",
        "openai": "^6.0.1"
      }
    },
    "node_modules/dotenv": {
      "version": "17.2.3",
      "resolved": "https://registry.npmjs.org/dotenv/-/dotenv-17.2.3.tgz",
      "integrity": "sha512-JVUnt+DUIzu87TABbhPmNfVdBDt18BLOWjMUFJMSi/Qqg7NTYtabbvSNJGOJ7afbRuv9D/lngizHtP7QyLQ+9w==",
      "engines": {
        "node": ">=12"
      },
      "funding": {
        "url": "https://dotenvx.com"
      }
    },
    "node_modules/openai": {
      "version": "6.0.1",
      "resolved": "https://registry.npmjs.org/openai/-/openai-6.0.1.tgz",
      "integrity": "sha512-Xf9k3/Ezckp0aQmkU7LTXPg9dTxo3uspuJqxotHF3Jscq0r7EU0KEoqesQVxoQ6YeAzd/jlm7kxayZufpYRJUQ==",
      "bin": {
        "openai": "bin/cli"
      },
      "peerDependencies": {
        "ws": "^8.18.0",
        "zod": "^3.25 || ^4.0"
      },
      "peerDependenciesMeta": {
        "ws": {
          "optional": true
        },
        "zod": {
          "optional": true
        }
      }
    }
  },
  "dependencies": {
    "dotenv": {
      "version": "17.2.3",
      "resolved": "https://registry.npmjs.org/dotenv/-/dotenv-17.2.3.tgz",
      "integrity": "sha512-JVUnt+DUIzu87TABbhPmNfVdBDt18BLOWjMUFJMSi/Qqg7NTYtabbvSNJGOJ7afbRuv9D/lngizHtP7QyLQ+9w=="
    },
    "openai": {
      "version": "6.0.1",
      "resolved": "https://registry.npmjs.org/openai/-/openai-6.0.1.tgz",
      "integrity": "sha512-Xf9k3/Ezckp0aQmkU7LTXPg9dTxo3uspuJqxotHF3Jscq0r7EU0KEoqesQVxoQ6YeAzd/jlm7kxayZufpYRJUQ==",
      "requires": {}
    }
  }
}
